// !$*UTF8*$!
{
	archiveVersion = 1;
	classes = {
	};
	objectVersion = 56;
	objects = {

/* Begin PBXBuildFile section */
		1B3FDC132A5E52770081CCBB /* MainView.swift in Sources */ = {isa = PBXBuildFile; fileRef = 1B3FDC122A5E52770081CCBB /* MainView.swift */; };
		1B3FDC152A5E53A70081CCBB /* HeaderView.swift in Sources */ = {isa = PBXBuildFile; fileRef = 1B3FDC142A5E53A70081CCBB /* HeaderView.swift */; };
		1B3FDC172A5E540C0081CCBB /* User.swift in Sources */ = {isa = PBXBuildFile; fileRef = 1B3FDC162A5E540C0081CCBB /* User.swift */; };
		1B3FDC192A5E54660081CCBB /* Extension+Color.swift in Sources */ = {isa = PBXBuildFile; fileRef = 1B3FDC182A5E54660081CCBB /* Extension+Color.swift */; };
		695B69252A5E442800129A17 /* OrrNyanApp.swift in Sources */ = {isa = PBXBuildFile; fileRef = 695B69242A5E442800129A17 /* OrrNyanApp.swift */; };
		695B69272A5E442800129A17 /* ContentView.swift in Sources */ = {isa = PBXBuildFile; fileRef = 695B69262A5E442800129A17 /* ContentView.swift */; };
		695B69292A5E442900129A17 /* Assets.xcassets in Resources */ = {isa = PBXBuildFile; fileRef = 695B69282A5E442900129A17 /* Assets.xcassets */; };
		695B692C2A5E442900129A17 /* Preview Assets.xcassets in Resources */ = {isa = PBXBuildFile; fileRef = 695B692B2A5E442900129A17 /* Preview Assets.xcassets */; };
		695B69322A5E442900129A17 /* OrrNyan Watch App.app in Embed Watch Content */ = {isa = PBXBuildFile; fileRef = 695B69312A5E442900129A17 /* OrrNyan Watch App.app */; settings = {ATTRIBUTES = (RemoveHeadersOnCopy, ); }; };
		695B69372A5E442900129A17 /* OrrNyanApp.swift in Sources */ = {isa = PBXBuildFile; fileRef = 695B69362A5E442900129A17 /* OrrNyanApp.swift */; };
		695B69392A5E442900129A17 /* ContentView.swift in Sources */ = {isa = PBXBuildFile; fileRef = 695B69382A5E442900129A17 /* ContentView.swift */; };
		695B693B2A5E442900129A17 /* Assets.xcassets in Resources */ = {isa = PBXBuildFile; fileRef = 695B693A2A5E442900129A17 /* Assets.xcassets */; };
		695B693E2A5E442900129A17 /* Preview Assets.xcassets in Resources */ = {isa = PBXBuildFile; fileRef = 695B693D2A5E442900129A17 /* Preview Assets.xcassets */; };
		695B69492A5E465E00129A17 /* StairTest.swift in Sources */ = {isa = PBXBuildFile; fileRef = 695B69482A5E465E00129A17 /* StairTest.swift */; };
		69AA2B282A658F090076DC58 /* UserFloor.swift in Sources */ = {isa = PBXBuildFile; fileRef = 69AA2B272A658F090076DC58 /* UserFloor.swift */; };
		69AA2B2A2A658F110076DC58 /* UserStage.swift in Sources */ = {isa = PBXBuildFile; fileRef = 69AA2B292A658F110076DC58 /* UserStage.swift */; };
		69AA2B2C2A658F1C0076DC58 /* UserBadge.swift in Sources */ = {isa = PBXBuildFile; fileRef = 69AA2B2B2A658F1C0076DC58 /* UserBadge.swift */; };
		69AA2B2E2A658F2A0076DC58 /* AppPush.swift in Sources */ = {isa = PBXBuildFile; fileRef = 69AA2B2D2A658F2A0076DC58 /* AppPush.swift */; };
		69AA2B302A658F350076DC58 /* StageInfo.swift in Sources */ = {isa = PBXBuildFile; fileRef = 69AA2B2F2A658F350076DC58 /* StageInfo.swift */; };
/* End PBXBuildFile section */

/* Begin PBXContainerItemProxy section */
		695B69332A5E442900129A17 /* PBXContainerItemProxy */ = {
			isa = PBXContainerItemProxy;
			containerPortal = 695B69192A5E442800129A17 /* Project object */;
			proxyType = 1;
			remoteGlobalIDString = 695B69302A5E442900129A17;
			remoteInfo = "OrrNyan Watch App";
		};
/* End PBXContainerItemProxy section */

/* Begin PBXCopyFilesBuildPhase section */
		695B69442A5E442900129A17 /* Embed Watch Content */ = {
			isa = PBXCopyFilesBuildPhase;
			buildActionMask = 2147483647;
			dstPath = "$(CONTENTS_FOLDER_PATH)/Watch";
			dstSubfolderSpec = 16;
			files = (
				695B69322A5E442900129A17 /* OrrNyan Watch App.app in Embed Watch Content */,
			);
			name = "Embed Watch Content";
			runOnlyForDeploymentPostprocessing = 0;
		};
/* End PBXCopyFilesBuildPhase section */

/* Begin PBXFileReference section */
		1B3FDC122A5E52770081CCBB /* MainView.swift */ = {isa = PBXFileReference; lastKnownFileType = sourcecode.swift; path = MainView.swift; sourceTree = "<group>"; };
		1B3FDC142A5E53A70081CCBB /* HeaderView.swift */ = {isa = PBXFileReference; lastKnownFileType = sourcecode.swift; path = HeaderView.swift; sourceTree = "<group>"; };
		1B3FDC162A5E540C0081CCBB /* User.swift */ = {isa = PBXFileReference; lastKnownFileType = sourcecode.swift; path = User.swift; sourceTree = "<group>"; };
		1B3FDC182A5E54660081CCBB /* Extension+Color.swift */ = {isa = PBXFileReference; lastKnownFileType = sourcecode.swift; path = "Extension+Color.swift"; sourceTree = "<group>"; };
		695B69212A5E442800129A17 /* OrrNyan.app */ = {isa = PBXFileReference; explicitFileType = wrapper.application; includeInIndex = 0; path = OrrNyan.app; sourceTree = BUILT_PRODUCTS_DIR; };
		695B69242A5E442800129A17 /* OrrNyanApp.swift */ = {isa = PBXFileReference; lastKnownFileType = sourcecode.swift; path = OrrNyanApp.swift; sourceTree = "<group>"; };
		695B69262A5E442800129A17 /* ContentView.swift */ = {isa = PBXFileReference; lastKnownFileType = sourcecode.swift; path = ContentView.swift; sourceTree = "<group>"; };
		695B69282A5E442900129A17 /* Assets.xcassets */ = {isa = PBXFileReference; lastKnownFileType = folder.assetcatalog; path = Assets.xcassets; sourceTree = "<group>"; };
		695B692B2A5E442900129A17 /* Preview Assets.xcassets */ = {isa = PBXFileReference; lastKnownFileType = folder.assetcatalog; path = "Preview Assets.xcassets"; sourceTree = "<group>"; };
		695B69312A5E442900129A17 /* OrrNyan Watch App.app */ = {isa = PBXFileReference; explicitFileType = wrapper.application; includeInIndex = 0; path = "OrrNyan Watch App.app"; sourceTree = BUILT_PRODUCTS_DIR; };
		695B69362A5E442900129A17 /* OrrNyanApp.swift */ = {isa = PBXFileReference; lastKnownFileType = sourcecode.swift; path = OrrNyanApp.swift; sourceTree = "<group>"; };
		695B69382A5E442900129A17 /* ContentView.swift */ = {isa = PBXFileReference; lastKnownFileType = sourcecode.swift; path = ContentView.swift; sourceTree = "<group>"; };
		695B693A2A5E442900129A17 /* Assets.xcassets */ = {isa = PBXFileReference; lastKnownFileType = folder.assetcatalog; path = Assets.xcassets; sourceTree = "<group>"; };
		695B693D2A5E442900129A17 /* Preview Assets.xcassets */ = {isa = PBXFileReference; lastKnownFileType = folder.assetcatalog; path = "Preview Assets.xcassets"; sourceTree = "<group>"; };
		695B69482A5E465E00129A17 /* StairTest.swift */ = {isa = PBXFileReference; lastKnownFileType = sourcecode.swift; path = StairTest.swift; sourceTree = "<group>"; };
		69AA2B272A658F090076DC58 /* UserFloor.swift */ = {isa = PBXFileReference; lastKnownFileType = sourcecode.swift; path = UserFloor.swift; sourceTree = "<group>"; };
		69AA2B292A658F110076DC58 /* UserStage.swift */ = {isa = PBXFileReference; lastKnownFileType = sourcecode.swift; path = UserStage.swift; sourceTree = "<group>"; };
		69AA2B2B2A658F1C0076DC58 /* UserBadge.swift */ = {isa = PBXFileReference; lastKnownFileType = sourcecode.swift; path = UserBadge.swift; sourceTree = "<group>"; };
		69AA2B2D2A658F2A0076DC58 /* AppPush.swift */ = {isa = PBXFileReference; lastKnownFileType = sourcecode.swift; path = AppPush.swift; sourceTree = "<group>"; };
		69AA2B2F2A658F350076DC58 /* StageInfo.swift */ = {isa = PBXFileReference; lastKnownFileType = sourcecode.swift; path = StageInfo.swift; sourceTree = "<group>"; };
/* End PBXFileReference section */

/* Begin PBXFrameworksBuildPhase section */
		695B691E2A5E442800129A17 /* Frameworks */ = {
			isa = PBXFrameworksBuildPhase;
			buildActionMask = 2147483647;
			files = (
			);
			runOnlyForDeploymentPostprocessing = 0;
		};
		695B692E2A5E442900129A17 /* Frameworks */ = {
			isa = PBXFrameworksBuildPhase;
			buildActionMask = 2147483647;
			files = (
			);
			runOnlyForDeploymentPostprocessing = 0;
		};
/* End PBXFrameworksBuildPhase section */

/* Begin PBXGroup section */
		1B3FDC052A5E50C00081CCBB /* UI */ = {
			isa = PBXGroup;
			children = (
				1B3FDC072A5E50D20081CCBB /* Components */,
				1B3FDC062A5E50C80081CCBB /* Screen */,
			);
			path = UI;
			sourceTree = "<group>";
		};
		1B3FDC062A5E50C80081CCBB /* Screen */ = {
			isa = PBXGroup;
			children = (
				1B3FDC112A5E52690081CCBB /* Main */,
				695B69262A5E442800129A17 /* ContentView.swift */,
			);
			path = Screen;
			sourceTree = "<group>";
		};
		1B3FDC072A5E50D20081CCBB /* Components */ = {
			isa = PBXGroup;
			children = (
				1B3FDC142A5E53A70081CCBB /* HeaderView.swift */,
			);
			path = Components;
			sourceTree = "<group>";
		};
		1B3FDC082A5E50DB0081CCBB /* Utilities */ = {
			isa = PBXGroup;
			children = (
				1B3FDC182A5E54660081CCBB /* Extension+Color.swift */,
			);
			path = Utilities;
			sourceTree = "<group>";
		};
		1B3FDC092A5E50E00081CCBB /* Resources */ = {
			isa = PBXGroup;
			children = (
				695B69282A5E442900129A17 /* Assets.xcassets */,
			);
			path = Resources;
			sourceTree = "<group>";
		};
		1B3FDC0A2A5E50E60081CCBB /* Models */ = {
			isa = PBXGroup;
			children = (
				1B3FDC162A5E540C0081CCBB /* User.swift */,
				69AA2B272A658F090076DC58 /* UserFloor.swift */,
				69AA2B292A658F110076DC58 /* UserStage.swift */,
				69AA2B2B2A658F1C0076DC58 /* UserBadge.swift */,
				69AA2B2D2A658F2A0076DC58 /* AppPush.swift */,
				69AA2B2F2A658F350076DC58 /* StageInfo.swift */,
			);
			path = Models;
			sourceTree = "<group>";
		};
		1B3FDC0C2A5E51370081CCBB /* Resources */ = {
			isa = PBXGroup;
			children = (
				695B693A2A5E442900129A17 /* Assets.xcassets */,
			);
			path = Resources;
			sourceTree = "<group>";
		};
		1B3FDC0D2A5E51420081CCBB /* UI */ = {
			isa = PBXGroup;
			children = (
				1B3FDC0E2A5E51480081CCBB /* Screen */,
			);
			path = UI;
			sourceTree = "<group>";
		};
		1B3FDC0E2A5E51480081CCBB /* Screen */ = {
			isa = PBXGroup;
			children = (
				695B69382A5E442900129A17 /* ContentView.swift */,
			);
			path = Screen;
			sourceTree = "<group>";
		};
		1B3FDC102A5E51530081CCBB /* Utilities */ = {
			isa = PBXGroup;
			children = (
				695B69482A5E465E00129A17 /* StairTest.swift */,
			);
			path = Utilities;
			sourceTree = "<group>";
		};
		1B3FDC112A5E52690081CCBB /* Main */ = {
			isa = PBXGroup;
			children = (
				1B3FDC122A5E52770081CCBB /* MainView.swift */,
			);
			path = Main;
			sourceTree = "<group>";
		};
		695B69182A5E442800129A17 = {
			isa = PBXGroup;
			children = (
				695B69232A5E442800129A17 /* OrrNyan */,
				695B69352A5E442900129A17 /* OrrNyan Watch App */,
				695B69222A5E442800129A17 /* Products */,
			);
			sourceTree = "<group>";
		};
		695B69222A5E442800129A17 /* Products */ = {
			isa = PBXGroup;
			children = (
				695B69212A5E442800129A17 /* OrrNyan.app */,
				695B69312A5E442900129A17 /* OrrNyan Watch App.app */,
			);
			name = Products;
			sourceTree = "<group>";
		};
		695B69232A5E442800129A17 /* OrrNyan */ = {
			isa = PBXGroup;
			children = (
				1B3FDC052A5E50C00081CCBB /* UI */,
				1B3FDC0A2A5E50E60081CCBB /* Models */,
				1B3FDC092A5E50E00081CCBB /* Resources */,
				1B3FDC082A5E50DB0081CCBB /* Utilities */,
				695B69242A5E442800129A17 /* OrrNyanApp.swift */,
				695B692A2A5E442900129A17 /* Preview Content */,
			);
			path = OrrNyan;
			sourceTree = "<group>";
		};
		695B692A2A5E442900129A17 /* Preview Content */ = {
			isa = PBXGroup;
			children = (
				695B692B2A5E442900129A17 /* Preview Assets.xcassets */,
			);
			path = "Preview Content";
			sourceTree = "<group>";
		};
		695B69352A5E442900129A17 /* OrrNyan Watch App */ = {
			isa = PBXGroup;
			children = (
				1B3FDC0D2A5E51420081CCBB /* UI */,
				1B3FDC0C2A5E51370081CCBB /* Resources */,
				1B3FDC102A5E51530081CCBB /* Utilities */,
				695B69362A5E442900129A17 /* OrrNyanApp.swift */,
				695B693C2A5E442900129A17 /* Preview Content */,
			);
			path = "OrrNyan Watch App";
			sourceTree = "<group>";
		};
		695B693C2A5E442900129A17 /* Preview Content */ = {
			isa = PBXGroup;
			children = (
				695B693D2A5E442900129A17 /* Preview Assets.xcassets */,
			);
			path = "Preview Content";
			sourceTree = "<group>";
		};
/* End PBXGroup section */

/* Begin PBXNativeTarget section */
		695B69202A5E442800129A17 /* OrrNyan */ = {
			isa = PBXNativeTarget;
			buildConfigurationList = 695B69452A5E442900129A17 /* Build configuration list for PBXNativeTarget "OrrNyan" */;
			buildPhases = (
				695B691D2A5E442800129A17 /* Sources */,
				695B691E2A5E442800129A17 /* Frameworks */,
				695B691F2A5E442800129A17 /* Resources */,
				695B69442A5E442900129A17 /* Embed Watch Content */,
			);
			buildRules = (
			);
			dependencies = (
				695B69342A5E442900129A17 /* PBXTargetDependency */,
			);
			name = OrrNyan;
			productName = OrrNyan;
			productReference = 695B69212A5E442800129A17 /* OrrNyan.app */;
			productType = "com.apple.product-type.application";
		};
		695B69302A5E442900129A17 /* OrrNyan Watch App */ = {
			isa = PBXNativeTarget;
			buildConfigurationList = 695B69412A5E442900129A17 /* Build configuration list for PBXNativeTarget "OrrNyan Watch App" */;
			buildPhases = (
				695B692D2A5E442900129A17 /* Sources */,
				695B692E2A5E442900129A17 /* Frameworks */,
				695B692F2A5E442900129A17 /* Resources */,
			);
			buildRules = (
			);
			dependencies = (
			);
			name = "OrrNyan Watch App";
			productName = "OrrNyan Watch App";
			productReference = 695B69312A5E442900129A17 /* OrrNyan Watch App.app */;
			productType = "com.apple.product-type.application";
		};
/* End PBXNativeTarget section */

/* Begin PBXProject section */
		695B69192A5E442800129A17 /* Project object */ = {
			isa = PBXProject;
			attributes = {
				BuildIndependentTargetsInParallel = 1;
				LastSwiftUpdateCheck = 1430;
				LastUpgradeCheck = 1430;
				TargetAttributes = {
					695B69202A5E442800129A17 = {
						CreatedOnToolsVersion = 14.3;
					};
					695B69302A5E442900129A17 = {
						CreatedOnToolsVersion = 14.3;
					};
				};
			};
			buildConfigurationList = 695B691C2A5E442800129A17 /* Build configuration list for PBXProject "OrrNyan" */;
			compatibilityVersion = "Xcode 14.0";
			developmentRegion = en;
			hasScannedForEncodings = 0;
			knownRegions = (
				en,
				Base,
			);
			mainGroup = 695B69182A5E442800129A17;
			productRefGroup = 695B69222A5E442800129A17 /* Products */;
			projectDirPath = "";
			projectRoot = "";
			targets = (
				695B69202A5E442800129A17 /* OrrNyan */,
				695B69302A5E442900129A17 /* OrrNyan Watch App */,
			);
		};
/* End PBXProject section */

/* Begin PBXResourcesBuildPhase section */
		695B691F2A5E442800129A17 /* Resources */ = {
			isa = PBXResourcesBuildPhase;
			buildActionMask = 2147483647;
			files = (
				695B692C2A5E442900129A17 /* Preview Assets.xcassets in Resources */,
				695B69292A5E442900129A17 /* Assets.xcassets in Resources */,
			);
			runOnlyForDeploymentPostprocessing = 0;
		};
		695B692F2A5E442900129A17 /* Resources */ = {
			isa = PBXResourcesBuildPhase;
			buildActionMask = 2147483647;
			files = (
				695B693E2A5E442900129A17 /* Preview Assets.xcassets in Resources */,
				695B693B2A5E442900129A17 /* Assets.xcassets in Resources */,
			);
			runOnlyForDeploymentPostprocessing = 0;
		};
/* End PBXResourcesBuildPhase section */

/* Begin PBXSourcesBuildPhase section */
		695B691D2A5E442800129A17 /* Sources */ = {
			isa = PBXSourcesBuildPhase;
			buildActionMask = 2147483647;
			files = (
				69AA2B302A658F350076DC58 /* StageInfo.swift in Sources */,
				1B3FDC152A5E53A70081CCBB /* HeaderView.swift in Sources */,
				1B3FDC192A5E54660081CCBB /* Extension+Color.swift in Sources */,
				695B69272A5E442800129A17 /* ContentView.swift in Sources */,
				69AA2B2E2A658F2A0076DC58 /* AppPush.swift in Sources */,
				1B3FDC132A5E52770081CCBB /* MainView.swift in Sources */,
				69AA2B2C2A658F1C0076DC58 /* UserBadge.swift in Sources */,
				69AA2B282A658F090076DC58 /* UserFloor.swift in Sources */,
				69AA2B2A2A658F110076DC58 /* UserStage.swift in Sources */,
				1B3FDC172A5E540C0081CCBB /* User.swift in Sources */,
				695B69252A5E442800129A17 /* OrrNyanApp.swift in Sources */,
			);
			runOnlyForDeploymentPostprocessing = 0;
		};
		695B692D2A5E442900129A17 /* Sources */ = {
			isa = PBXSourcesBuildPhase;
			buildActionMask = 2147483647;
			files = (
				695B69392A5E442900129A17 /* ContentView.swift in Sources */,
				695B69372A5E442900129A17 /* OrrNyanApp.swift in Sources */,
				695B69492A5E465E00129A17 /* StairTest.swift in Sources */,
			);
			runOnlyForDeploymentPostprocessing = 0;
		};
/* End PBXSourcesBuildPhase section */

/* Begin PBXTargetDependency section */
		695B69342A5E442900129A17 /* PBXTargetDependency */ = {
			isa = PBXTargetDependency;
			target = 695B69302A5E442900129A17 /* OrrNyan Watch App */;
			targetProxy = 695B69332A5E442900129A17 /* PBXContainerItemProxy */;
		};
/* End PBXTargetDependency section */

/* Begin XCBuildConfiguration section */
		695B693F2A5E442900129A17 /* Debug */ = {
			isa = XCBuildConfiguration;
			buildSettings = {
				ALWAYS_SEARCH_USER_PATHS = NO;
				CLANG_ANALYZER_NONNULL = YES;
				CLANG_ANALYZER_NUMBER_OBJECT_CONVERSION = YES_AGGRESSIVE;
				CLANG_CXX_LANGUAGE_STANDARD = "gnu++20";
				CLANG_ENABLE_MODULES = YES;
				CLANG_ENABLE_OBJC_ARC = YES;
				CLANG_ENABLE_OBJC_WEAK = YES;
				CLANG_WARN_BLOCK_CAPTURE_AUTORELEASING = YES;
				CLANG_WARN_BOOL_CONVERSION = YES;
				CLANG_WARN_COMMA = YES;
				CLANG_WARN_CONSTANT_CONVERSION = YES;
				CLANG_WARN_DEPRECATED_OBJC_IMPLEMENTATIONS = YES;
				CLANG_WARN_DIRECT_OBJC_ISA_USAGE = YES_ERROR;
				CLANG_WARN_DOCUMENTATION_COMMENTS = YES;
				CLANG_WARN_EMPTY_BODY = YES;
				CLANG_WARN_ENUM_CONVERSION = YES;
				CLANG_WARN_INFINITE_RECURSION = YES;
				CLANG_WARN_INT_CONVERSION = YES;
				CLANG_WARN_NON_LITERAL_NULL_CONVERSION = YES;
				CLANG_WARN_OBJC_IMPLICIT_RETAIN_SELF = YES;
				CLANG_WARN_OBJC_LITERAL_CONVERSION = YES;
				CLANG_WARN_OBJC_ROOT_CLASS = YES_ERROR;
				CLANG_WARN_QUOTED_INCLUDE_IN_FRAMEWORK_HEADER = YES;
				CLANG_WARN_RANGE_LOOP_ANALYSIS = YES;
				CLANG_WARN_STRICT_PROTOTYPES = YES;
				CLANG_WARN_SUSPICIOUS_MOVE = YES;
				CLANG_WARN_UNGUARDED_AVAILABILITY = YES_AGGRESSIVE;
				CLANG_WARN_UNREACHABLE_CODE = YES;
				CLANG_WARN__DUPLICATE_METHOD_MATCH = YES;
				COPY_PHASE_STRIP = NO;
				DEBUG_INFORMATION_FORMAT = dwarf;
				ENABLE_STRICT_OBJC_MSGSEND = YES;
				ENABLE_TESTABILITY = YES;
				GCC_C_LANGUAGE_STANDARD = gnu11;
				GCC_DYNAMIC_NO_PIC = NO;
				GCC_NO_COMMON_BLOCKS = YES;
				GCC_OPTIMIZATION_LEVEL = 0;
				GCC_PREPROCESSOR_DEFINITIONS = (
					"DEBUG=1",
					"$(inherited)",
				);
				GCC_WARN_64_TO_32_BIT_CONVERSION = YES;
				GCC_WARN_ABOUT_RETURN_TYPE = YES_ERROR;
				GCC_WARN_UNDECLARED_SELECTOR = YES;
				GCC_WARN_UNINITIALIZED_AUTOS = YES_AGGRESSIVE;
				GCC_WARN_UNUSED_FUNCTION = YES;
				GCC_WARN_UNUSED_VARIABLE = YES;
				MTL_ENABLE_DEBUG_INFO = INCLUDE_SOURCE;
				MTL_FAST_MATH = YES;
				ONLY_ACTIVE_ARCH = YES;
				SWIFT_ACTIVE_COMPILATION_CONDITIONS = DEBUG;
				SWIFT_OPTIMIZATION_LEVEL = "-Onone";
			};
			name = Debug;
		};
		695B69402A5E442900129A17 /* Release */ = {
			isa = XCBuildConfiguration;
			buildSettings = {
				ALWAYS_SEARCH_USER_PATHS = NO;
				CLANG_ANALYZER_NONNULL = YES;
				CLANG_ANALYZER_NUMBER_OBJECT_CONVERSION = YES_AGGRESSIVE;
				CLANG_CXX_LANGUAGE_STANDARD = "gnu++20";
				CLANG_ENABLE_MODULES = YES;
				CLANG_ENABLE_OBJC_ARC = YES;
				CLANG_ENABLE_OBJC_WEAK = YES;
				CLANG_WARN_BLOCK_CAPTURE_AUTORELEASING = YES;
				CLANG_WARN_BOOL_CONVERSION = YES;
				CLANG_WARN_COMMA = YES;
				CLANG_WARN_CONSTANT_CONVERSION = YES;
				CLANG_WARN_DEPRECATED_OBJC_IMPLEMENTATIONS = YES;
				CLANG_WARN_DIRECT_OBJC_ISA_USAGE = YES_ERROR;
				CLANG_WARN_DOCUMENTATION_COMMENTS = YES;
				CLANG_WARN_EMPTY_BODY = YES;
				CLANG_WARN_ENUM_CONVERSION = YES;
				CLANG_WARN_INFINITE_RECURSION = YES;
				CLANG_WARN_INT_CONVERSION = YES;
				CLANG_WARN_NON_LITERAL_NULL_CONVERSION = YES;
				CLANG_WARN_OBJC_IMPLICIT_RETAIN_SELF = YES;
				CLANG_WARN_OBJC_LITERAL_CONVERSION = YES;
				CLANG_WARN_OBJC_ROOT_CLASS = YES_ERROR;
				CLANG_WARN_QUOTED_INCLUDE_IN_FRAMEWORK_HEADER = YES;
				CLANG_WARN_RANGE_LOOP_ANALYSIS = YES;
				CLANG_WARN_STRICT_PROTOTYPES = YES;
				CLANG_WARN_SUSPICIOUS_MOVE = YES;
				CLANG_WARN_UNGUARDED_AVAILABILITY = YES_AGGRESSIVE;
				CLANG_WARN_UNREACHABLE_CODE = YES;
				CLANG_WARN__DUPLICATE_METHOD_MATCH = YES;
				COPY_PHASE_STRIP = NO;
				DEBUG_INFORMATION_FORMAT = "dwarf-with-dsym";
				ENABLE_NS_ASSERTIONS = NO;
				ENABLE_STRICT_OBJC_MSGSEND = YES;
				GCC_C_LANGUAGE_STANDARD = gnu11;
				GCC_NO_COMMON_BLOCKS = YES;
				GCC_WARN_64_TO_32_BIT_CONVERSION = YES;
				GCC_WARN_ABOUT_RETURN_TYPE = YES_ERROR;
				GCC_WARN_UNDECLARED_SELECTOR = YES;
				GCC_WARN_UNINITIALIZED_AUTOS = YES_AGGRESSIVE;
				GCC_WARN_UNUSED_FUNCTION = YES;
				GCC_WARN_UNUSED_VARIABLE = YES;
				MTL_ENABLE_DEBUG_INFO = NO;
				MTL_FAST_MATH = YES;
				SWIFT_COMPILATION_MODE = wholemodule;
				SWIFT_OPTIMIZATION_LEVEL = "-O";
			};
			name = Release;
		};
		695B69422A5E442900129A17 /* Debug */ = {
			isa = XCBuildConfiguration;
			buildSettings = {
				ASSETCATALOG_COMPILER_APPICON_NAME = AppIcon;
				ASSETCATALOG_COMPILER_GLOBAL_ACCENT_COLOR_NAME = AccentColor;
				CODE_SIGN_STYLE = Automatic;
				CURRENT_PROJECT_VERSION = 1;
				DEVELOPMENT_ASSET_PATHS = "\"OrrNyan Watch App/Preview Content\"";
				DEVELOPMENT_TEAM = RXP67AQN3R;
				ENABLE_PREVIEWS = YES;
				GENERATE_INFOPLIST_FILE = YES;
				INFOPLIST_KEY_CFBundleDisplayName = OrrNyan;
				INFOPLIST_KEY_NSMotionUsageDescription = "계단 오른 충수 반영을 위함입니다.";
				INFOPLIST_KEY_UISupportedInterfaceOrientations = "UIInterfaceOrientationPortrait UIInterfaceOrientationPortraitUpsideDown";
				INFOPLIST_KEY_WKCompanionAppBundleIdentifier = com.jay.OrrNyan;
				LD_RUNPATH_SEARCH_PATHS = (
					"$(inherited)",
					"@executable_path/Frameworks",
				);
				MARKETING_VERSION = 1.0;
				PRODUCT_BUNDLE_IDENTIFIER = com.jay.OrrNyan.watchkitapp;
				PRODUCT_NAME = "$(TARGET_NAME)";
				SDKROOT = watchos;
				SKIP_INSTALL = YES;
				SWIFT_EMIT_LOC_STRINGS = YES;
				SWIFT_VERSION = 5.0;
				TARGETED_DEVICE_FAMILY = 4;
				WATCHOS_DEPLOYMENT_TARGET = 9.4;
			};
			name = Debug;
		};
		695B69432A5E442900129A17 /* Release */ = {
			isa = XCBuildConfiguration;
			buildSettings = {
				ASSETCATALOG_COMPILER_APPICON_NAME = AppIcon;
				ASSETCATALOG_COMPILER_GLOBAL_ACCENT_COLOR_NAME = AccentColor;
				CODE_SIGN_STYLE = Automatic;
				CURRENT_PROJECT_VERSION = 1;
				DEVELOPMENT_ASSET_PATHS = "\"OrrNyan Watch App/Preview Content\"";
				DEVELOPMENT_TEAM = RXP67AQN3R;
				ENABLE_PREVIEWS = YES;
				GENERATE_INFOPLIST_FILE = YES;
				INFOPLIST_KEY_CFBundleDisplayName = OrrNyan;
				INFOPLIST_KEY_NSMotionUsageDescription = "계단 오른 충수 반영을 위함입니다.";
				INFOPLIST_KEY_UISupportedInterfaceOrientations = "UIInterfaceOrientationPortrait UIInterfaceOrientationPortraitUpsideDown";
				INFOPLIST_KEY_WKCompanionAppBundleIdentifier = com.jay.OrrNyan;
				LD_RUNPATH_SEARCH_PATHS = (
					"$(inherited)",
					"@executable_path/Frameworks",
				);
				MARKETING_VERSION = 1.0;
				PRODUCT_BUNDLE_IDENTIFIER = com.jay.OrrNyan.watchkitapp;
				PRODUCT_NAME = "$(TARGET_NAME)";
				SDKROOT = watchos;
				SKIP_INSTALL = YES;
				SWIFT_EMIT_LOC_STRINGS = YES;
				SWIFT_VERSION = 5.0;
				TARGETED_DEVICE_FAMILY = 4;
				VALIDATE_PRODUCT = YES;
				WATCHOS_DEPLOYMENT_TARGET = 9.4;
			};
			name = Release;
		};
		695B69462A5E442900129A17 /* Debug */ = {
			isa = XCBuildConfiguration;
			buildSettings = {
				ALWAYS_EMBED_SWIFT_STANDARD_LIBRARIES = YES;
				ASSETCATALOG_COMPILER_APPICON_NAME = AppIcon;
				ASSETCATALOG_COMPILER_GLOBAL_ACCENT_COLOR_NAME = AccentColor;
				CODE_SIGN_STYLE = Automatic;
				CURRENT_PROJECT_VERSION = 1;
				DEVELOPMENT_ASSET_PATHS = "\"OrrNyan/Preview Content\"";
				DEVELOPMENT_TEAM = RXP67AQN3R;
				ENABLE_PREVIEWS = YES;
				GENERATE_INFOPLIST_FILE = YES;
				INFOPLIST_KEY_CFBundleDisplayName = OrrNyan;
				INFOPLIST_KEY_UIApplicationSceneManifest_Generation = YES;
				INFOPLIST_KEY_UIApplicationSupportsIndirectInputEvents = YES;
				INFOPLIST_KEY_UILaunchScreen_Generation = YES;
				INFOPLIST_KEY_UISupportedInterfaceOrientations_iPad = "UIInterfaceOrientationPortrait UIInterfaceOrientationPortraitUpsideDown UIInterfaceOrientationLandscapeLeft UIInterfaceOrientationLandscapeRight";
				INFOPLIST_KEY_UISupportedInterfaceOrientations_iPhone = "UIInterfaceOrientationPortrait UIInterfaceOrientationLandscapeLeft UIInterfaceOrientationLandscapeRight";
				IPHONEOS_DEPLOYMENT_TARGET = 16.4;
				LD_RUNPATH_SEARCH_PATHS = (
					"$(inherited)",
					"@executable_path/Frameworks",
				);
				MARKETING_VERSION = 1.0;
				PRODUCT_BUNDLE_IDENTIFIER = com.jay.OrrNyan;
				PRODUCT_NAME = "$(TARGET_NAME)";
				SDKROOT = iphoneos;
				SWIFT_EMIT_LOC_STRINGS = YES;
				SWIFT_VERSION = 5.0;
				TARGETED_DEVICE_FAMILY = 1;
			};
			name = Debug;
		};
		695B69472A5E442900129A17 /* Release */ = {
			isa = XCBuildConfiguration;
			buildSettings = {
				ALWAYS_EMBED_SWIFT_STANDARD_LIBRARIES = YES;
				ASSETCATALOG_COMPILER_APPICON_NAME = AppIcon;
				ASSETCATALOG_COMPILER_GLOBAL_ACCENT_COLOR_NAME = AccentColor;
				CODE_SIGN_STYLE = Automatic;
				CURRENT_PROJECT_VERSION = 1;
				DEVELOPMENT_ASSET_PATHS = "\"OrrNyan/Preview Content\"";
				DEVELOPMENT_TEAM = RXP67AQN3R;
				ENABLE_PREVIEWS = YES;
				GENERATE_INFOPLIST_FILE = YES;
				INFOPLIST_KEY_CFBundleDisplayName = OrrNyan;
				INFOPLIST_KEY_UIApplicationSceneManifest_Generation = YES;
				INFOPLIST_KEY_UIApplicationSupportsIndirectInputEvents = YES;
				INFOPLIST_KEY_UILaunchScreen_Generation = YES;
				INFOPLIST_KEY_UISupportedInterfaceOrientations_iPad = "UIInterfaceOrientationPortrait UIInterfaceOrientationPortraitUpsideDown UIInterfaceOrientationLandscapeLeft UIInterfaceOrientationLandscapeRight";
				INFOPLIST_KEY_UISupportedInterfaceOrientations_iPhone = "UIInterfaceOrientationPortrait UIInterfaceOrientationLandscapeLeft UIInterfaceOrientationLandscapeRight";
				IPHONEOS_DEPLOYMENT_TARGET = 16.4;
				LD_RUNPATH_SEARCH_PATHS = (
					"$(inherited)",
					"@executable_path/Frameworks",
				);
				MARKETING_VERSION = 1.0;
				PRODUCT_BUNDLE_IDENTIFIER = com.jay.OrrNyan;
				PRODUCT_NAME = "$(TARGET_NAME)";
				SDKROOT = iphoneos;
				SWIFT_EMIT_LOC_STRINGS = YES;
				SWIFT_VERSION = 5.0;
				TARGETED_DEVICE_FAMILY = 1;
				VALIDATE_PRODUCT = YES;
			};
			name = Release;
		};
/* End XCBuildConfiguration section */

/* Begin XCConfigurationList section */
		695B691C2A5E442800129A17 /* Build configuration list for PBXProject "OrrNyan" */ = {
			isa = XCConfigurationList;
			buildConfigurations = (
				695B693F2A5E442900129A17 /* Debug */,
				695B69402A5E442900129A17 /* Release */,
			);
			defaultConfigurationIsVisible = 0;
			defaultConfigurationName = Release;
		};
		695B69412A5E442900129A17 /* Build configuration list for PBXNativeTarget "OrrNyan Watch App" */ = {
			isa = XCConfigurationList;
			buildConfigurations = (
				695B69422A5E442900129A17 /* Debug */,
				695B69432A5E442900129A17 /* Release */,
			);
			defaultConfigurationIsVisible = 0;
			defaultConfigurationName = Release;
		};
		695B69452A5E442900129A17 /* Build configuration list for PBXNativeTarget "OrrNyan" */ = {
			isa = XCConfigurationList;
			buildConfigurations = (
				695B69462A5E442900129A17 /* Debug */,
				695B69472A5E442900129A17 /* Release */,
			);
			defaultConfigurationIsVisible = 0;
			defaultConfigurationName = Release;
		};
/* End XCConfigurationList section */
	};
	rootObject = 695B69192A5E442800129A17 /* Project object */;
}
