// !$*UTF8*$!
{
	archiveVersion = 1;
	classes = {
	};
	objectVersion = 56;
	objects = {

/* Begin PBXBuildFile section */
		1B1A95222A60D40800EA1100 /* StageView.swift in Sources */ = {isa = PBXBuildFile; fileRef = 1B1A95212A60D40800EA1100 /* StageView.swift */; };
		1B34B2FB2A662DBC00012CFA /* DataLoad.swift in Sources */ = {isa = PBXBuildFile; fileRef = 1B34B2FA2A662DBC00012CFA /* DataLoad.swift */; };
		1B3FDC132A5E52770081CCBB /* MainView.swift in Sources */ = {isa = PBXBuildFile; fileRef = 1B3FDC122A5E52770081CCBB /* MainView.swift */; };
		1B3FDC152A5E53A70081CCBB /* HeaderView.swift in Sources */ = {isa = PBXBuildFile; fileRef = 1B3FDC142A5E53A70081CCBB /* HeaderView.swift */; };
		1B3FDC172A5E540C0081CCBB /* User.swift in Sources */ = {isa = PBXBuildFile; fileRef = 1B3FDC162A5E540C0081CCBB /* User.swift */; };
		1B3FDC192A5E54660081CCBB /* Extension+Color.swift in Sources */ = {isa = PBXBuildFile; fileRef = 1B3FDC182A5E54660081CCBB /* Extension+Color.swift */; };
		1BAF6CCE2A66344F003238FA /* StageInfo.json in Resources */ = {isa = PBXBuildFile; fileRef = 1B34B2F92A6629E200012CFA /* StageInfo.json */; };
		1BAF6CD82A6638B0003238FA /* ACarousel.swift in Sources */ = {isa = PBXBuildFile; fileRef = 1BAF6CD22A6638B0003238FA /* ACarousel.swift */; };
		1BAF6CD92A6638B0003238FA /* ACarouselViewModel.swift in Sources */ = {isa = PBXBuildFile; fileRef = 1BAF6CD32A6638B0003238FA /* ACarouselViewModel.swift */; };
		1BAF6CDA2A6638B0003238FA /* AppLifeCycleModifier.swift in Sources */ = {isa = PBXBuildFile; fileRef = 1BAF6CD42A6638B0003238FA /* AppLifeCycleModifier.swift */; };
		1BAF6CDE2A676954003238FA /* StageItem.swift in Sources */ = {isa = PBXBuildFile; fileRef = 1BAF6CDD2A676954003238FA /* StageItem.swift */; };
		1BAF6CE02A67E19D003238FA /* TestTransitionView.swift in Sources */ = {isa = PBXBuildFile; fileRef = 1BAF6CDF2A67E19D003238FA /* TestTransitionView.swift */; };
		1DA8BFC12A66AAE900AA8C66 /* FontManager.swift in Sources */ = {isa = PBXBuildFile; fileRef = 1DA8BFC02A66AAE900AA8C66 /* FontManager.swift */; };
		1DB82A302A67BF2C006FDD4E /* LoginView_malty.swift in Sources */ = {isa = PBXBuildFile; fileRef = 1DB82A2F2A67BF2C006FDD4E /* LoginView_malty.swift */; };
		1DB82A332A67C115006FDD4E /* ColorManager.swift in Sources */ = {isa = PBXBuildFile; fileRef = 1DB82A322A67C115006FDD4E /* ColorManager.swift */; };
		1DBC0F5A2A6D1003003F0CEB /* LottieLoginView.json in Resources */ = {isa = PBXBuildFile; fileRef = 1DBC0F542A6D1002003F0CEB /* LottieLoginView.json */; };
		1DBC0F5B2A6D1003003F0CEB /* LottieMainViewSit.json in Resources */ = {isa = PBXBuildFile; fileRef = 1DBC0F552A6D1002003F0CEB /* LottieMainViewSit.json */; };
		1DBC0F5C2A6D1003003F0CEB /* LottieCreateNameView.json in Resources */ = {isa = PBXBuildFile; fileRef = 1DBC0F562A6D1003003F0CEB /* LottieCreateNameView.json */; };
		1DBC0F5D2A6D1003003F0CEB /* LottieMypageViewawake.json in Resources */ = {isa = PBXBuildFile; fileRef = 1DBC0F572A6D1003003F0CEB /* LottieMypageViewawake.json */; };
		1DBC0F5E2A6D1003003F0CEB /* LottieMainViewWalk.json in Resources */ = {isa = PBXBuildFile; fileRef = 1DBC0F582A6D1003003F0CEB /* LottieMainViewWalk.json */; };
		1DBC0F5F2A6D1003003F0CEB /* LottieMypageViewSleep.json in Resources */ = {isa = PBXBuildFile; fileRef = 1DBC0F592A6D1003003F0CEB /* LottieMypageViewSleep.json */; };
		1DE9E0C62A66AE33004BC9EB /* Pretendard-Bold.otf in Resources */ = {isa = PBXBuildFile; fileRef = 1DE9E0BD2A66AE32004BC9EB /* Pretendard-Bold.otf */; };
		1DE9E0C72A66AE33004BC9EB /* Pretendard-Thin.otf in Resources */ = {isa = PBXBuildFile; fileRef = 1DE9E0BE2A66AE32004BC9EB /* Pretendard-Thin.otf */; };
		1DE9E0C82A66AE33004BC9EB /* Pretendard-Black.otf in Resources */ = {isa = PBXBuildFile; fileRef = 1DE9E0BF2A66AE32004BC9EB /* Pretendard-Black.otf */; };
		1DE9E0C92A66AE33004BC9EB /* Pretendard-ExtraBold.otf in Resources */ = {isa = PBXBuildFile; fileRef = 1DE9E0C02A66AE33004BC9EB /* Pretendard-ExtraBold.otf */; };
		1DE9E0CA2A66AE33004BC9EB /* Pretendard-ExtraLight.otf in Resources */ = {isa = PBXBuildFile; fileRef = 1DE9E0C12A66AE33004BC9EB /* Pretendard-ExtraLight.otf */; };
		1DE9E0CB2A66AE33004BC9EB /* Pretendard-Medium.otf in Resources */ = {isa = PBXBuildFile; fileRef = 1DE9E0C22A66AE33004BC9EB /* Pretendard-Medium.otf */; };
		1DE9E0CC2A66AE33004BC9EB /* Pretendard-SemiBold.otf in Resources */ = {isa = PBXBuildFile; fileRef = 1DE9E0C32A66AE33004BC9EB /* Pretendard-SemiBold.otf */; };
		1DE9E0CD2A66AE33004BC9EB /* Pretendard-Light.otf in Resources */ = {isa = PBXBuildFile; fileRef = 1DE9E0C42A66AE33004BC9EB /* Pretendard-Light.otf */; };
		1DE9E0CE2A66AE33004BC9EB /* Pretendard-Regular.otf in Resources */ = {isa = PBXBuildFile; fileRef = 1DE9E0C52A66AE33004BC9EB /* Pretendard-Regular.otf */; };
		693D31C82A6635C3000EA859 /* FirebaseAuth in Frameworks */ = {isa = PBXBuildFile; productRef = 693D31C72A6635C3000EA859 /* FirebaseAuth */; };
		693D31CA2A6635C3000EA859 /* FirebaseFirestore in Frameworks */ = {isa = PBXBuildFile; productRef = 693D31C92A6635C3000EA859 /* FirebaseFirestore */; };
		693D31CD2A6635EE000EA859 /* GoogleSignIn in Frameworks */ = {isa = PBXBuildFile; productRef = 693D31CC2A6635EE000EA859 /* GoogleSignIn */; };
		693D31CF2A6635EE000EA859 /* GoogleSignInSwift in Frameworks */ = {isa = PBXBuildFile; productRef = 693D31CE2A6635EE000EA859 /* GoogleSignInSwift */; };
		693D31D12A66360A000EA859 /* GoogleService-Info.plist in Resources */ = {isa = PBXBuildFile; fileRef = 693D31D02A66360A000EA859 /* GoogleService-Info.plist */; };
		695B69252A5E442800129A17 /* OrrNyanApp.swift in Sources */ = {isa = PBXBuildFile; fileRef = 695B69242A5E442800129A17 /* OrrNyanApp.swift */; };
		695B69272A5E442800129A17 /* ContentView.swift in Sources */ = {isa = PBXBuildFile; fileRef = 695B69262A5E442800129A17 /* ContentView.swift */; };
		695B69292A5E442900129A17 /* Assets.xcassets in Resources */ = {isa = PBXBuildFile; fileRef = 695B69282A5E442900129A17 /* Assets.xcassets */; };
		695B692C2A5E442900129A17 /* Preview Assets.xcassets in Resources */ = {isa = PBXBuildFile; fileRef = 695B692B2A5E442900129A17 /* Preview Assets.xcassets */; };
		695B69322A5E442900129A17 /* OrrNyan Watch App.app in Embed Watch Content */ = {isa = PBXBuildFile; fileRef = 695B69312A5E442900129A17 /* OrrNyan Watch App.app */; settings = {ATTRIBUTES = (RemoveHeadersOnCopy, ); }; };
		695B69372A5E442900129A17 /* OrrNyanApp.swift in Sources */ = {isa = PBXBuildFile; fileRef = 695B69362A5E442900129A17 /* OrrNyanApp.swift */; };
		695B69392A5E442900129A17 /* ContentView.swift in Sources */ = {isa = PBXBuildFile; fileRef = 695B69382A5E442900129A17 /* ContentView.swift */; };
		695B693B2A5E442900129A17 /* Assets.xcassets in Resources */ = {isa = PBXBuildFile; fileRef = 695B693A2A5E442900129A17 /* Assets.xcassets */; };
		695B693E2A5E442900129A17 /* Preview Assets.xcassets in Resources */ = {isa = PBXBuildFile; fileRef = 695B693D2A5E442900129A17 /* Preview Assets.xcassets */; };
		695B69492A5E465E00129A17 /* StairTest.swift in Sources */ = {isa = PBXBuildFile; fileRef = 695B69482A5E465E00129A17 /* StairTest.swift */; };
		695C44372A6638F1003A2D24 /* LoginView.swift in Sources */ = {isa = PBXBuildFile; fileRef = 695C44362A6638F1003A2D24 /* LoginView.swift */; };
		695C443F2A663952003A2D24 /* SignInWithApple.swift in Sources */ = {isa = PBXBuildFile; fileRef = 695C443C2A663952003A2D24 /* SignInWithApple.swift */; };
		695C44402A663952003A2D24 /* FirebaseManager.swift in Sources */ = {isa = PBXBuildFile; fileRef = 695C443D2A663952003A2D24 /* FirebaseManager.swift */; };
		695C44412A663952003A2D24 /* SignInWithGoogle.swift in Sources */ = {isa = PBXBuildFile; fileRef = 695C443E2A663952003A2D24 /* SignInWithGoogle.swift */; };
		695C44442A663B3B003A2D24 /* FirebaseFirestoreSwift in Frameworks */ = {isa = PBXBuildFile; productRef = 695C44432A663B3B003A2D24 /* FirebaseFirestoreSwift */; };
		69AA2B282A658F090076DC58 /* UserFloor.swift in Sources */ = {isa = PBXBuildFile; fileRef = 69AA2B272A658F090076DC58 /* UserFloor.swift */; };
		69AA2B2A2A658F110076DC58 /* UserStage.swift in Sources */ = {isa = PBXBuildFile; fileRef = 69AA2B292A658F110076DC58 /* UserStage.swift */; };
		69AA2B2C2A658F1C0076DC58 /* UserBadge.swift in Sources */ = {isa = PBXBuildFile; fileRef = 69AA2B2B2A658F1C0076DC58 /* UserBadge.swift */; };
		69AA2B2E2A658F2A0076DC58 /* AppPush.swift in Sources */ = {isa = PBXBuildFile; fileRef = 69AA2B2D2A658F2A0076DC58 /* AppPush.swift */; };
		69AA2B302A658F350076DC58 /* StageInfo.swift in Sources */ = {isa = PBXBuildFile; fileRef = 69AA2B2F2A658F350076DC58 /* StageInfo.swift */; };
		8322F9E12A6E1EBB00A4DFDB /* TestMeow.wav in Resources */ = {isa = PBXBuildFile; fileRef = 8322F9E02A6E1EBB00A4DFDB /* TestMeow.wav */; };
		833F29072A68D25900EE06CB /* SettingPopupView.swift in Sources */ = {isa = PBXBuildFile; fileRef = 833F29062A68D25900EE06CB /* SettingPopupView.swift */; };
		833F29092A692FE200EE06CB /* AudioManager.swift in Sources */ = {isa = PBXBuildFile; fileRef = 833F29082A692FE200EE06CB /* AudioManager.swift */; };
		836E49E82A6E1EF000F57B78 /* TestBGM.mp3 in Resources */ = {isa = PBXBuildFile; fileRef = 836E49E72A6E1EF000F57B78 /* TestBGM.mp3 */; };
		83C38BE62A6625530027D281 /* CreateNameView.swift in Sources */ = {isa = PBXBuildFile; fileRef = 83C38BE52A6625530027D281 /* CreateNameView.swift */; };
		83C38BE82A6625710027D281 /* LottieView.swift in Sources */ = {isa = PBXBuildFile; fileRef = 83C38BE72A6625710027D281 /* LottieView.swift */; };
		83C38BEB2A6626F00027D281 /* Lottie in Frameworks */ = {isa = PBXBuildFile; productRef = 83C38BEA2A6626F00027D281 /* Lottie */; };
		83C38BEF2A66278E0027D281 /* CatButtonStyle.swift in Sources */ = {isa = PBXBuildFile; fileRef = 83C38BEE2A66278E0027D281 /* CatButtonStyle.swift */; };
		DE30A0972A66A769004D94E4 /* MainBottomView.swift in Sources */ = {isa = PBXBuildFile; fileRef = DE30A0962A66A769004D94E4 /* MainBottomView.swift */; };
		DE30A0992A66A788004D94E4 /* MainParallaxView.swift in Sources */ = {isa = PBXBuildFile; fileRef = DE30A0982A66A788004D94E4 /* MainParallaxView.swift */; };
		DE30A09B2A66A7A1004D94E4 /* MainTopView.swift in Sources */ = {isa = PBXBuildFile; fileRef = DE30A09A2A66A7A1004D94E4 /* MainTopView.swift */; };
		DEF039D02A67DA32002FEC51 /* UpCat.swift in Sources */ = {isa = PBXBuildFile; fileRef = DEF039CF2A67DA32002FEC51 /* UpCat.swift */; };
/* End PBXBuildFile section */

/* Begin PBXContainerItemProxy section */
		695B69332A5E442900129A17 /* PBXContainerItemProxy */ = {
			isa = PBXContainerItemProxy;
			containerPortal = 695B69192A5E442800129A17 /* Project object */;
			proxyType = 1;
			remoteGlobalIDString = 695B69302A5E442900129A17;
			remoteInfo = "OrrNyan Watch App";
		};
/* End PBXContainerItemProxy section */

/* Begin PBXCopyFilesBuildPhase section */
		695B69442A5E442900129A17 /* Embed Watch Content */ = {
			isa = PBXCopyFilesBuildPhase;
			buildActionMask = 2147483647;
			dstPath = "$(CONTENTS_FOLDER_PATH)/Watch";
			dstSubfolderSpec = 16;
			files = (
				695B69322A5E442900129A17 /* OrrNyan Watch App.app in Embed Watch Content */,
			);
			name = "Embed Watch Content";
			runOnlyForDeploymentPostprocessing = 0;
		};
/* End PBXCopyFilesBuildPhase section */

/* Begin PBXFileReference section */
		1B1A95212A60D40800EA1100 /* StageView.swift */ = {isa = PBXFileReference; lastKnownFileType = sourcecode.swift; path = StageView.swift; sourceTree = "<group>"; };
		1B34B2F92A6629E200012CFA /* StageInfo.json */ = {isa = PBXFileReference; lastKnownFileType = text.json; path = StageInfo.json; sourceTree = "<group>"; };
		1B34B2FA2A662DBC00012CFA /* DataLoad.swift */ = {isa = PBXFileReference; lastKnownFileType = sourcecode.swift; path = DataLoad.swift; sourceTree = "<group>"; };
		1B3FDC122A5E52770081CCBB /* MainView.swift */ = {isa = PBXFileReference; lastKnownFileType = sourcecode.swift; path = MainView.swift; sourceTree = "<group>"; };
		1B3FDC142A5E53A70081CCBB /* HeaderView.swift */ = {isa = PBXFileReference; lastKnownFileType = sourcecode.swift; path = HeaderView.swift; sourceTree = "<group>"; };
		1B3FDC162A5E540C0081CCBB /* User.swift */ = {isa = PBXFileReference; lastKnownFileType = sourcecode.swift; path = User.swift; sourceTree = "<group>"; };
		1B3FDC182A5E54660081CCBB /* Extension+Color.swift */ = {isa = PBXFileReference; lastKnownFileType = sourcecode.swift; path = "Extension+Color.swift"; sourceTree = "<group>"; };
		1BAF6CD22A6638B0003238FA /* ACarousel.swift */ = {isa = PBXFileReference; fileEncoding = 4; lastKnownFileType = sourcecode.swift; path = ACarousel.swift; sourceTree = "<group>"; };
		1BAF6CD32A6638B0003238FA /* ACarouselViewModel.swift */ = {isa = PBXFileReference; fileEncoding = 4; lastKnownFileType = sourcecode.swift; path = ACarouselViewModel.swift; sourceTree = "<group>"; };
		1BAF6CD42A6638B0003238FA /* AppLifeCycleModifier.swift */ = {isa = PBXFileReference; fileEncoding = 4; lastKnownFileType = sourcecode.swift; path = AppLifeCycleModifier.swift; sourceTree = "<group>"; };
		1BAF6CDD2A676954003238FA /* StageItem.swift */ = {isa = PBXFileReference; lastKnownFileType = sourcecode.swift; path = StageItem.swift; sourceTree = "<group>"; };
		1BAF6CDF2A67E19D003238FA /* TestTransitionView.swift */ = {isa = PBXFileReference; lastKnownFileType = sourcecode.swift; path = TestTransitionView.swift; sourceTree = "<group>"; };
		1DA8BFC02A66AAE900AA8C66 /* FontManager.swift */ = {isa = PBXFileReference; lastKnownFileType = sourcecode.swift; path = FontManager.swift; sourceTree = "<group>"; };
		1DB82A2F2A67BF2C006FDD4E /* LoginView_malty.swift */ = {isa = PBXFileReference; fileEncoding = 4; lastKnownFileType = sourcecode.swift; path = LoginView_malty.swift; sourceTree = "<group>"; };
		1DB82A322A67C115006FDD4E /* ColorManager.swift */ = {isa = PBXFileReference; lastKnownFileType = sourcecode.swift; path = ColorManager.swift; sourceTree = "<group>"; };
		1DBC0F542A6D1002003F0CEB /* LottieLoginView.json */ = {isa = PBXFileReference; fileEncoding = 4; lastKnownFileType = text.json; path = LottieLoginView.json; sourceTree = "<group>"; };
		1DBC0F552A6D1002003F0CEB /* LottieMainViewSit.json */ = {isa = PBXFileReference; fileEncoding = 4; lastKnownFileType = text.json; path = LottieMainViewSit.json; sourceTree = "<group>"; };
		1DBC0F562A6D1003003F0CEB /* LottieCreateNameView.json */ = {isa = PBXFileReference; fileEncoding = 4; lastKnownFileType = text.json; path = LottieCreateNameView.json; sourceTree = "<group>"; };
		1DBC0F572A6D1003003F0CEB /* LottieMypageViewawake.json */ = {isa = PBXFileReference; fileEncoding = 4; lastKnownFileType = text.json; path = LottieMypageViewawake.json; sourceTree = "<group>"; };
		1DBC0F582A6D1003003F0CEB /* LottieMainViewWalk.json */ = {isa = PBXFileReference; fileEncoding = 4; lastKnownFileType = text.json; path = LottieMainViewWalk.json; sourceTree = "<group>"; };
		1DBC0F592A6D1003003F0CEB /* LottieMypageViewSleep.json */ = {isa = PBXFileReference; fileEncoding = 4; lastKnownFileType = text.json; path = LottieMypageViewSleep.json; sourceTree = "<group>"; };
		1DE9E0BD2A66AE32004BC9EB /* Pretendard-Bold.otf */ = {isa = PBXFileReference; lastKnownFileType = file; path = "Pretendard-Bold.otf"; sourceTree = "<group>"; };
		1DE9E0BE2A66AE32004BC9EB /* Pretendard-Thin.otf */ = {isa = PBXFileReference; lastKnownFileType = file; path = "Pretendard-Thin.otf"; sourceTree = "<group>"; };
		1DE9E0BF2A66AE32004BC9EB /* Pretendard-Black.otf */ = {isa = PBXFileReference; lastKnownFileType = file; path = "Pretendard-Black.otf"; sourceTree = "<group>"; };
		1DE9E0C02A66AE33004BC9EB /* Pretendard-ExtraBold.otf */ = {isa = PBXFileReference; lastKnownFileType = file; path = "Pretendard-ExtraBold.otf"; sourceTree = "<group>"; };
		1DE9E0C12A66AE33004BC9EB /* Pretendard-ExtraLight.otf */ = {isa = PBXFileReference; lastKnownFileType = file; path = "Pretendard-ExtraLight.otf"; sourceTree = "<group>"; };
		1DE9E0C22A66AE33004BC9EB /* Pretendard-Medium.otf */ = {isa = PBXFileReference; lastKnownFileType = file; path = "Pretendard-Medium.otf"; sourceTree = "<group>"; };
		1DE9E0C32A66AE33004BC9EB /* Pretendard-SemiBold.otf */ = {isa = PBXFileReference; lastKnownFileType = file; path = "Pretendard-SemiBold.otf"; sourceTree = "<group>"; };
		1DE9E0C42A66AE33004BC9EB /* Pretendard-Light.otf */ = {isa = PBXFileReference; lastKnownFileType = file; path = "Pretendard-Light.otf"; sourceTree = "<group>"; };
		1DE9E0C52A66AE33004BC9EB /* Pretendard-Regular.otf */ = {isa = PBXFileReference; lastKnownFileType = file; path = "Pretendard-Regular.otf"; sourceTree = "<group>"; };
		693D31D02A66360A000EA859 /* GoogleService-Info.plist */ = {isa = PBXFileReference; fileEncoding = 4; lastKnownFileType = text.plist.xml; path = "GoogleService-Info.plist"; sourceTree = "<group>"; };
		693D31D22A663633000EA859 /* Info.plist */ = {isa = PBXFileReference; lastKnownFileType = text.plist; path = Info.plist; sourceTree = "<group>"; };
		693D31D32A663673000EA859 /* OrrNyan.entitlements */ = {isa = PBXFileReference; lastKnownFileType = text.plist.entitlements; path = OrrNyan.entitlements; sourceTree = "<group>"; };
		695B69212A5E442800129A17 /* OrrNyan.app */ = {isa = PBXFileReference; explicitFileType = wrapper.application; includeInIndex = 0; path = OrrNyan.app; sourceTree = BUILT_PRODUCTS_DIR; };
		695B69242A5E442800129A17 /* OrrNyanApp.swift */ = {isa = PBXFileReference; lastKnownFileType = sourcecode.swift; path = OrrNyanApp.swift; sourceTree = "<group>"; };
		695B69262A5E442800129A17 /* ContentView.swift */ = {isa = PBXFileReference; lastKnownFileType = sourcecode.swift; path = ContentView.swift; sourceTree = "<group>"; };
		695B69282A5E442900129A17 /* Assets.xcassets */ = {isa = PBXFileReference; lastKnownFileType = folder.assetcatalog; path = Assets.xcassets; sourceTree = "<group>"; };
		695B692B2A5E442900129A17 /* Preview Assets.xcassets */ = {isa = PBXFileReference; lastKnownFileType = folder.assetcatalog; path = "Preview Assets.xcassets"; sourceTree = "<group>"; };
		695B69312A5E442900129A17 /* OrrNyan Watch App.app */ = {isa = PBXFileReference; explicitFileType = wrapper.application; includeInIndex = 0; path = "OrrNyan Watch App.app"; sourceTree = BUILT_PRODUCTS_DIR; };
		695B69362A5E442900129A17 /* OrrNyanApp.swift */ = {isa = PBXFileReference; lastKnownFileType = sourcecode.swift; path = OrrNyanApp.swift; sourceTree = "<group>"; };
		695B69382A5E442900129A17 /* ContentView.swift */ = {isa = PBXFileReference; lastKnownFileType = sourcecode.swift; path = ContentView.swift; sourceTree = "<group>"; };
		695B693A2A5E442900129A17 /* Assets.xcassets */ = {isa = PBXFileReference; lastKnownFileType = folder.assetcatalog; path = Assets.xcassets; sourceTree = "<group>"; };
		695B693D2A5E442900129A17 /* Preview Assets.xcassets */ = {isa = PBXFileReference; lastKnownFileType = folder.assetcatalog; path = "Preview Assets.xcassets"; sourceTree = "<group>"; };
		695B69482A5E465E00129A17 /* StairTest.swift */ = {isa = PBXFileReference; lastKnownFileType = sourcecode.swift; path = StairTest.swift; sourceTree = "<group>"; };
		695C44362A6638F1003A2D24 /* LoginView.swift */ = {isa = PBXFileReference; fileEncoding = 4; lastKnownFileType = sourcecode.swift; path = LoginView.swift; sourceTree = "<group>"; };
		695C443C2A663952003A2D24 /* SignInWithApple.swift */ = {isa = PBXFileReference; fileEncoding = 4; lastKnownFileType = sourcecode.swift; path = SignInWithApple.swift; sourceTree = "<group>"; };
		695C443D2A663952003A2D24 /* FirebaseManager.swift */ = {isa = PBXFileReference; fileEncoding = 4; lastKnownFileType = sourcecode.swift; path = FirebaseManager.swift; sourceTree = "<group>"; };
		695C443E2A663952003A2D24 /* SignInWithGoogle.swift */ = {isa = PBXFileReference; fileEncoding = 4; lastKnownFileType = sourcecode.swift; path = SignInWithGoogle.swift; sourceTree = "<group>"; };
		69AA2B272A658F090076DC58 /* UserFloor.swift */ = {isa = PBXFileReference; lastKnownFileType = sourcecode.swift; path = UserFloor.swift; sourceTree = "<group>"; };
		69AA2B292A658F110076DC58 /* UserStage.swift */ = {isa = PBXFileReference; lastKnownFileType = sourcecode.swift; path = UserStage.swift; sourceTree = "<group>"; };
		69AA2B2B2A658F1C0076DC58 /* UserBadge.swift */ = {isa = PBXFileReference; lastKnownFileType = sourcecode.swift; path = UserBadge.swift; sourceTree = "<group>"; };
		69AA2B2D2A658F2A0076DC58 /* AppPush.swift */ = {isa = PBXFileReference; lastKnownFileType = sourcecode.swift; path = AppPush.swift; sourceTree = "<group>"; };
		69AA2B2F2A658F350076DC58 /* StageInfo.swift */ = {isa = PBXFileReference; lastKnownFileType = sourcecode.swift; path = StageInfo.swift; sourceTree = "<group>"; };
		8322F9E02A6E1EBB00A4DFDB /* TestMeow.wav */ = {isa = PBXFileReference; lastKnownFileType = audio.wav; path = TestMeow.wav; sourceTree = "<group>"; };
		833F29062A68D25900EE06CB /* SettingPopupView.swift */ = {isa = PBXFileReference; lastKnownFileType = sourcecode.swift; path = SettingPopupView.swift; sourceTree = "<group>"; };
		833F29082A692FE200EE06CB /* AudioManager.swift */ = {isa = PBXFileReference; lastKnownFileType = sourcecode.swift; path = AudioManager.swift; sourceTree = "<group>"; };
		836E49E72A6E1EF000F57B78 /* TestBGM.mp3 */ = {isa = PBXFileReference; lastKnownFileType = audio.mp3; path = TestBGM.mp3; sourceTree = "<group>"; };
		83C38BE52A6625530027D281 /* CreateNameView.swift */ = {isa = PBXFileReference; lastKnownFileType = sourcecode.swift; path = CreateNameView.swift; sourceTree = "<group>"; };
		83C38BE72A6625710027D281 /* LottieView.swift */ = {isa = PBXFileReference; lastKnownFileType = sourcecode.swift; path = LottieView.swift; sourceTree = "<group>"; };
		83C38BEE2A66278E0027D281 /* CatButtonStyle.swift */ = {isa = PBXFileReference; lastKnownFileType = sourcecode.swift; path = CatButtonStyle.swift; sourceTree = "<group>"; };
		DE30A0962A66A769004D94E4 /* MainBottomView.swift */ = {isa = PBXFileReference; lastKnownFileType = sourcecode.swift; path = MainBottomView.swift; sourceTree = "<group>"; };
		DE30A0982A66A788004D94E4 /* MainParallaxView.swift */ = {isa = PBXFileReference; lastKnownFileType = sourcecode.swift; path = MainParallaxView.swift; sourceTree = "<group>"; };
		DE30A09A2A66A7A1004D94E4 /* MainTopView.swift */ = {isa = PBXFileReference; lastKnownFileType = sourcecode.swift; path = MainTopView.swift; sourceTree = "<group>"; };
		DEF039CF2A67DA32002FEC51 /* UpCat.swift */ = {isa = PBXFileReference; lastKnownFileType = sourcecode.swift; path = UpCat.swift; sourceTree = "<group>"; };
/* End PBXFileReference section */

/* Begin PBXFrameworksBuildPhase section */
		695B691E2A5E442800129A17 /* Frameworks */ = {
			isa = PBXFrameworksBuildPhase;
			buildActionMask = 2147483647;
			files = (
				693D31CF2A6635EE000EA859 /* GoogleSignInSwift in Frameworks */,
				83C38BEB2A6626F00027D281 /* Lottie in Frameworks */,
				693D31CD2A6635EE000EA859 /* GoogleSignIn in Frameworks */,
				693D31C82A6635C3000EA859 /* FirebaseAuth in Frameworks */,
				693D31CA2A6635C3000EA859 /* FirebaseFirestore in Frameworks */,
				695C44442A663B3B003A2D24 /* FirebaseFirestoreSwift in Frameworks */,
			);
			runOnlyForDeploymentPostprocessing = 0;
		};
		695B692E2A5E442900129A17 /* Frameworks */ = {
			isa = PBXFrameworksBuildPhase;
			buildActionMask = 2147483647;
			files = (
			);
			runOnlyForDeploymentPostprocessing = 0;
		};
/* End PBXFrameworksBuildPhase section */

/* Begin PBXGroup section */
		1B3FDC052A5E50C00081CCBB /* UI */ = {
			isa = PBXGroup;
			children = (
				1B3FDC072A5E50D20081CCBB /* Components */,
				1B3FDC062A5E50C80081CCBB /* Screen */,
			);
			path = UI;
			sourceTree = "<group>";
		};
		1B3FDC062A5E50C80081CCBB /* Screen */ = {
			isa = PBXGroup;
			children = (
				1B3FDC112A5E52690081CCBB /* Main */,
				695B69262A5E442800129A17 /* ContentView.swift */,
				1B1A95212A60D40800EA1100 /* StageView.swift */,
				1BAF6CDF2A67E19D003238FA /* TestTransitionView.swift */,
				83C38BE52A6625530027D281 /* CreateNameView.swift */,
				1DB82A2F2A67BF2C006FDD4E /* LoginView_malty.swift */,
				695C44362A6638F1003A2D24 /* LoginView.swift */,
				833F29062A68D25900EE06CB /* SettingPopupView.swift */,
			);
			path = Screen;
			sourceTree = "<group>";
		};
		1B3FDC072A5E50D20081CCBB /* Components */ = {
			isa = PBXGroup;
			children = (
				1BAF6CDC2A663927003238FA /* ACarousel */,
				1B3FDC142A5E53A70081CCBB /* HeaderView.swift */,
				83C38BE72A6625710027D281 /* LottieView.swift */,
				83C38BEE2A66278E0027D281 /* CatButtonStyle.swift */,
				833F29082A692FE200EE06CB /* AudioManager.swift */,
			);
			path = Components;
			sourceTree = "<group>";
		};
		1B3FDC082A5E50DB0081CCBB /* Utilities */ = {
			isa = PBXGroup;
			children = (
				695C443B2A663946003A2D24 /* Firebase */,
				1B3FDC182A5E54660081CCBB /* Extension+Color.swift */,
				1B34B2FA2A662DBC00012CFA /* DataLoad.swift */,
			);
			path = Utilities;
			sourceTree = "<group>";
		};
		1B3FDC092A5E50E00081CCBB /* Resources */ = {
			isa = PBXGroup;
			children = (
				1DB82A312A67C107006FDD4E /* Colors */,
				1DA8BFB62A66AAB900AA8C66 /* Fonts */,
				1DBC0F532A6D0FCB003F0CEB /* Lottie */,
				695B69282A5E442900129A17 /* Assets.xcassets */,
				8322F9E02A6E1EBB00A4DFDB /* TestMeow.wav */,
				836E49E72A6E1EF000F57B78 /* TestBGM.mp3 */,
				1B34B2F92A6629E200012CFA /* StageInfo.json */,
			);
			path = Resources;
			sourceTree = "<group>";
		};
		1B3FDC0A2A5E50E60081CCBB /* Models */ = {
			isa = PBXGroup;
			children = (
				1B3FDC162A5E540C0081CCBB /* User.swift */,
				1BAF6CDD2A676954003238FA /* StageItem.swift */,
				69AA2B272A658F090076DC58 /* UserFloor.swift */,
				69AA2B292A658F110076DC58 /* UserStage.swift */,
				69AA2B2B2A658F1C0076DC58 /* UserBadge.swift */,
				69AA2B2D2A658F2A0076DC58 /* AppPush.swift */,
				69AA2B2F2A658F350076DC58 /* StageInfo.swift */,
			);
			path = Models;
			sourceTree = "<group>";
		};
		1B3FDC0C2A5E51370081CCBB /* Resources */ = {
			isa = PBXGroup;
			children = (
				695B693A2A5E442900129A17 /* Assets.xcassets */,
			);
			path = Resources;
			sourceTree = "<group>";
		};
		1B3FDC0D2A5E51420081CCBB /* UI */ = {
			isa = PBXGroup;
			children = (
				1B3FDC0E2A5E51480081CCBB /* Screen */,
			);
			path = UI;
			sourceTree = "<group>";
		};
		1B3FDC0E2A5E51480081CCBB /* Screen */ = {
			isa = PBXGroup;
			children = (
				695B69382A5E442900129A17 /* ContentView.swift */,
			);
			path = Screen;
			sourceTree = "<group>";
		};
		1B3FDC102A5E51530081CCBB /* Utilities */ = {
			isa = PBXGroup;
			children = (
				695B69482A5E465E00129A17 /* StairTest.swift */,
			);
			path = Utilities;
			sourceTree = "<group>";
		};
		1B3FDC112A5E52690081CCBB /* Main */ = {
			isa = PBXGroup;
			children = (
				1B3FDC122A5E52770081CCBB /* MainView.swift */,
				DE30A0962A66A769004D94E4 /* MainBottomView.swift */,
				DE30A0982A66A788004D94E4 /* MainParallaxView.swift */,
				DE30A09A2A66A7A1004D94E4 /* MainTopView.swift */,
				DEF039CF2A67DA32002FEC51 /* UpCat.swift */,
			);
			path = Main;
			sourceTree = "<group>";
		};
		1BAF6CDC2A663927003238FA /* ACarousel */ = {
			isa = PBXGroup;
			children = (
				1BAF6CD32A6638B0003238FA /* ACarouselViewModel.swift */,
				1BAF6CD42A6638B0003238FA /* AppLifeCycleModifier.swift */,
				1BAF6CD22A6638B0003238FA /* ACarousel.swift */,
			);
			name = ACarousel;
			sourceTree = "<group>";
		};
		1DA8BFB62A66AAB900AA8C66 /* Fonts */ = {
			isa = PBXGroup;
			children = (
				1DA8BFC02A66AAE900AA8C66 /* FontManager.swift */,
				1DE9E0BF2A66AE32004BC9EB /* Pretendard-Black.otf */,
				1DE9E0BD2A66AE32004BC9EB /* Pretendard-Bold.otf */,
				1DE9E0C02A66AE33004BC9EB /* Pretendard-ExtraBold.otf */,
				1DE9E0C12A66AE33004BC9EB /* Pretendard-ExtraLight.otf */,
				1DE9E0C42A66AE33004BC9EB /* Pretendard-Light.otf */,
				1DE9E0C22A66AE33004BC9EB /* Pretendard-Medium.otf */,
				1DE9E0C52A66AE33004BC9EB /* Pretendard-Regular.otf */,
				1DE9E0C32A66AE33004BC9EB /* Pretendard-SemiBold.otf */,
				1DE9E0BE2A66AE32004BC9EB /* Pretendard-Thin.otf */,
			);
			path = Fonts;
			sourceTree = "<group>";
		};
		1DB82A312A67C107006FDD4E /* Colors */ = {
			isa = PBXGroup;
			children = (
				1DB82A322A67C115006FDD4E /* ColorManager.swift */,
			);
			path = Colors;
			sourceTree = "<group>";
		};
		1DBC0F532A6D0FCB003F0CEB /* Lottie */ = {
			isa = PBXGroup;
			children = (
				1DBC0F562A6D1003003F0CEB /* LottieCreateNameView.json */,
				1DBC0F542A6D1002003F0CEB /* LottieLoginView.json */,
				1DBC0F552A6D1002003F0CEB /* LottieMainViewSit.json */,
				1DBC0F582A6D1003003F0CEB /* LottieMainViewWalk.json */,
				1DBC0F572A6D1003003F0CEB /* LottieMypageViewawake.json */,
				1DBC0F592A6D1003003F0CEB /* LottieMypageViewSleep.json */,
			);
			path = Lottie;
			sourceTree = "<group>";
		};
		695B69182A5E442800129A17 = {
			isa = PBXGroup;
			children = (
				695B69232A5E442800129A17 /* OrrNyan */,
				695B69352A5E442900129A17 /* OrrNyan Watch App */,
				695B69222A5E442800129A17 /* Products */,
				695C44422A663B3B003A2D24 /* Frameworks */,
			);
			sourceTree = "<group>";
		};
		695B69222A5E442800129A17 /* Products */ = {
			isa = PBXGroup;
			children = (
				695B69212A5E442800129A17 /* OrrNyan.app */,
				695B69312A5E442900129A17 /* OrrNyan Watch App.app */,
			);
			name = Products;
			sourceTree = "<group>";
		};
		695B69232A5E442800129A17 /* OrrNyan */ = {
			isa = PBXGroup;
			children = (
				693D31D32A663673000EA859 /* OrrNyan.entitlements */,
				693D31D22A663633000EA859 /* Info.plist */,
				693D31D02A66360A000EA859 /* GoogleService-Info.plist */,
				1B3FDC052A5E50C00081CCBB /* UI */,
				1B3FDC0A2A5E50E60081CCBB /* Models */,
				1B3FDC092A5E50E00081CCBB /* Resources */,
				1B3FDC082A5E50DB0081CCBB /* Utilities */,
				695B69242A5E442800129A17 /* OrrNyanApp.swift */,
				695B692A2A5E442900129A17 /* Preview Content */,
			);
			path = OrrNyan;
			sourceTree = "<group>";
		};
		695B692A2A5E442900129A17 /* Preview Content */ = {
			isa = PBXGroup;
			children = (
				695B692B2A5E442900129A17 /* Preview Assets.xcassets */,
			);
			path = "Preview Content";
			sourceTree = "<group>";
		};
		695B69352A5E442900129A17 /* OrrNyan Watch App */ = {
			isa = PBXGroup;
			children = (
				1B3FDC0D2A5E51420081CCBB /* UI */,
				1B3FDC0C2A5E51370081CCBB /* Resources */,
				1B3FDC102A5E51530081CCBB /* Utilities */,
				695B69362A5E442900129A17 /* OrrNyanApp.swift */,
				695B693C2A5E442900129A17 /* Preview Content */,
			);
			path = "OrrNyan Watch App";
			sourceTree = "<group>";
		};
		695B693C2A5E442900129A17 /* Preview Content */ = {
			isa = PBXGroup;
			children = (
				695B693D2A5E442900129A17 /* Preview Assets.xcassets */,
			);
			path = "Preview Content";
			sourceTree = "<group>";
		};
		695C443B2A663946003A2D24 /* Firebase */ = {
			isa = PBXGroup;
			children = (
				695C443D2A663952003A2D24 /* FirebaseManager.swift */,
				695C443C2A663952003A2D24 /* SignInWithApple.swift */,
				695C443E2A663952003A2D24 /* SignInWithGoogle.swift */,
			);
			path = Firebase;
			sourceTree = "<group>";
		};
		695C44422A663B3B003A2D24 /* Frameworks */ = {
			isa = PBXGroup;
			children = (
			);
			name = Frameworks;
			sourceTree = "<group>";
		};
/* End PBXGroup section */

/* Begin PBXNativeTarget section */
		695B69202A5E442800129A17 /* OrrNyan */ = {
			isa = PBXNativeTarget;
			buildConfigurationList = 695B69452A5E442900129A17 /* Build configuration list for PBXNativeTarget "OrrNyan" */;
			buildPhases = (
				695B691D2A5E442800129A17 /* Sources */,
				695B691E2A5E442800129A17 /* Frameworks */,
				695B691F2A5E442800129A17 /* Resources */,
				695B69442A5E442900129A17 /* Embed Watch Content */,
			);
			buildRules = (
			);
			dependencies = (
				695B69342A5E442900129A17 /* PBXTargetDependency */,
			);
			name = OrrNyan;
			packageProductDependencies = (
				83C38BEA2A6626F00027D281 /* Lottie */,
				693D31C72A6635C3000EA859 /* FirebaseAuth */,
				693D31C92A6635C3000EA859 /* FirebaseFirestore */,
				693D31CC2A6635EE000EA859 /* GoogleSignIn */,
				693D31CE2A6635EE000EA859 /* GoogleSignInSwift */,
				695C44432A663B3B003A2D24 /* FirebaseFirestoreSwift */,
			);
			productName = OrrNyan;
			productReference = 695B69212A5E442800129A17 /* OrrNyan.app */;
			productType = "com.apple.product-type.application";
		};
		695B69302A5E442900129A17 /* OrrNyan Watch App */ = {
			isa = PBXNativeTarget;
			buildConfigurationList = 695B69412A5E442900129A17 /* Build configuration list for PBXNativeTarget "OrrNyan Watch App" */;
			buildPhases = (
				695B692D2A5E442900129A17 /* Sources */,
				695B692E2A5E442900129A17 /* Frameworks */,
				695B692F2A5E442900129A17 /* Resources */,
			);
			buildRules = (
			);
			dependencies = (
			);
			name = "OrrNyan Watch App";
			productName = "OrrNyan Watch App";
			productReference = 695B69312A5E442900129A17 /* OrrNyan Watch App.app */;
			productType = "com.apple.product-type.application";
		};
/* End PBXNativeTarget section */

/* Begin PBXProject section */
		695B69192A5E442800129A17 /* Project object */ = {
			isa = PBXProject;
			attributes = {
				BuildIndependentTargetsInParallel = 1;
				LastSwiftUpdateCheck = 1430;
				LastUpgradeCheck = 1430;
				TargetAttributes = {
					695B69202A5E442800129A17 = {
						CreatedOnToolsVersion = 14.3;
					};
					695B69302A5E442900129A17 = {
						CreatedOnToolsVersion = 14.3;
					};
				};
			};
			buildConfigurationList = 695B691C2A5E442800129A17 /* Build configuration list for PBXProject "OrrNyan" */;
			compatibilityVersion = "Xcode 14.0";
			developmentRegion = en;
			hasScannedForEncodings = 0;
			knownRegions = (
				en,
				Base,
			);
			mainGroup = 695B69182A5E442800129A17;
			packageReferences = (
				83C38BE92A6626F00027D281 /* XCRemoteSwiftPackageReference "lottie-ios" */,
				693D31C62A6635C3000EA859 /* XCRemoteSwiftPackageReference "firebase-ios-sdk" */,
				693D31CB2A6635EE000EA859 /* XCRemoteSwiftPackageReference "GoogleSignIn-iOS" */,
			);
			productRefGroup = 695B69222A5E442800129A17 /* Products */;
			projectDirPath = "";
			projectRoot = "";
			targets = (
				695B69202A5E442800129A17 /* OrrNyan */,
				695B69302A5E442900129A17 /* OrrNyan Watch App */,
			);
		};
/* End PBXProject section */

/* Begin PBXResourcesBuildPhase section */
		695B691F2A5E442800129A17 /* Resources */ = {
			isa = PBXResourcesBuildPhase;
			buildActionMask = 2147483647;
			files = (
				1DE9E0CD2A66AE33004BC9EB /* Pretendard-Light.otf in Resources */,
				1DE9E0C62A66AE33004BC9EB /* Pretendard-Bold.otf in Resources */,
				1DE9E0CA2A66AE33004BC9EB /* Pretendard-ExtraLight.otf in Resources */,
				1DE9E0CC2A66AE33004BC9EB /* Pretendard-SemiBold.otf in Resources */,
				1DE9E0C92A66AE33004BC9EB /* Pretendard-ExtraBold.otf in Resources */,
				1DBC0F5F2A6D1003003F0CEB /* LottieMypageViewSleep.json in Resources */,
				1DE9E0C72A66AE33004BC9EB /* Pretendard-Thin.otf in Resources */,
				693D31D12A66360A000EA859 /* GoogleService-Info.plist in Resources */,
				695B692C2A5E442900129A17 /* Preview Assets.xcassets in Resources */,
				695B69292A5E442900129A17 /* Assets.xcassets in Resources */,
				1DE9E0C82A66AE33004BC9EB /* Pretendard-Black.otf in Resources */,
				1DBC0F5C2A6D1003003F0CEB /* LottieCreateNameView.json in Resources */,
				836E49E82A6E1EF000F57B78 /* TestBGM.mp3 in Resources */,
				1DBC0F5D2A6D1003003F0CEB /* LottieMypageViewawake.json in Resources */,
				1DE9E0CE2A66AE33004BC9EB /* Pretendard-Regular.otf in Resources */,
				1DBC0F5A2A6D1003003F0CEB /* LottieLoginView.json in Resources */,
				1BAF6CCE2A66344F003238FA /* StageInfo.json in Resources */,
				1DE9E0CB2A66AE33004BC9EB /* Pretendard-Medium.otf in Resources */,
				1DBC0F5E2A6D1003003F0CEB /* LottieMainViewWalk.json in Resources */,
				1DBC0F5B2A6D1003003F0CEB /* LottieMainViewSit.json in Resources */,
				8322F9E12A6E1EBB00A4DFDB /* TestMeow.wav in Resources */,
			);
			runOnlyForDeploymentPostprocessing = 0;
		};
		695B692F2A5E442900129A17 /* Resources */ = {
			isa = PBXResourcesBuildPhase;
			buildActionMask = 2147483647;
			files = (
				695B693E2A5E442900129A17 /* Preview Assets.xcassets in Resources */,
				695B693B2A5E442900129A17 /* Assets.xcassets in Resources */,
			);
			runOnlyForDeploymentPostprocessing = 0;
		};
/* End PBXResourcesBuildPhase section */

/* Begin PBXSourcesBuildPhase section */
		695B691D2A5E442800129A17 /* Sources */ = {
			isa = PBXSourcesBuildPhase;
			buildActionMask = 2147483647;
			files = (
				1BAF6CDA2A6638B0003238FA /* AppLifeCycleModifier.swift in Sources */,
				1BAF6CD92A6638B0003238FA /* ACarouselViewModel.swift in Sources */,
				833F29072A68D25900EE06CB /* SettingPopupView.swift in Sources */,
				69AA2B302A658F350076DC58 /* StageInfo.swift in Sources */,
				1B3FDC152A5E53A70081CCBB /* HeaderView.swift in Sources */,
				1DB82A332A67C115006FDD4E /* ColorManager.swift in Sources */,
				1B3FDC192A5E54660081CCBB /* Extension+Color.swift in Sources */,
				695C44372A6638F1003A2D24 /* LoginView.swift in Sources */,
				DEF039D02A67DA32002FEC51 /* UpCat.swift in Sources */,
				695C44412A663952003A2D24 /* SignInWithGoogle.swift in Sources */,
				83C38BE62A6625530027D281 /* CreateNameView.swift in Sources */,
				1DA8BFC12A66AAE900AA8C66 /* FontManager.swift in Sources */,
				695B69272A5E442800129A17 /* ContentView.swift in Sources */,
				695C443F2A663952003A2D24 /* SignInWithApple.swift in Sources */,
				69AA2B2E2A658F2A0076DC58 /* AppPush.swift in Sources */,
				1B3FDC132A5E52770081CCBB /* MainView.swift in Sources */,
				1BAF6CDE2A676954003238FA /* StageItem.swift in Sources */,
				1BAF6CE02A67E19D003238FA /* TestTransitionView.swift in Sources */,
				69AA2B2C2A658F1C0076DC58 /* UserBadge.swift in Sources */,
				DE30A0972A66A769004D94E4 /* MainBottomView.swift in Sources */,
				833F29092A692FE200EE06CB /* AudioManager.swift in Sources */,
				DE30A09B2A66A7A1004D94E4 /* MainTopView.swift in Sources */,
				1BAF6CD82A6638B0003238FA /* ACarousel.swift in Sources */,
				83C38BE82A6625710027D281 /* LottieView.swift in Sources */,
				69AA2B282A658F090076DC58 /* UserFloor.swift in Sources */,
				DE30A0992A66A788004D94E4 /* MainParallaxView.swift in Sources */,
				69AA2B2A2A658F110076DC58 /* UserStage.swift in Sources */,
				1B3FDC172A5E540C0081CCBB /* User.swift in Sources */,
				83C38BEF2A66278E0027D281 /* CatButtonStyle.swift in Sources */,
				695B69252A5E442800129A17 /* OrrNyanApp.swift in Sources */,
				1B1A95222A60D40800EA1100 /* StageView.swift in Sources */,
				1B34B2FB2A662DBC00012CFA /* DataLoad.swift in Sources */,
				1DB82A302A67BF2C006FDD4E /* LoginView_malty.swift in Sources */,
				695C44402A663952003A2D24 /* FirebaseManager.swift in Sources */,
			);
			runOnlyForDeploymentPostprocessing = 0;
		};
		695B692D2A5E442900129A17 /* Sources */ = {
			isa = PBXSourcesBuildPhase;
			buildActionMask = 2147483647;
			files = (
				695B69392A5E442900129A17 /* ContentView.swift in Sources */,
				695B69372A5E442900129A17 /* OrrNyanApp.swift in Sources */,
				695B69492A5E465E00129A17 /* StairTest.swift in Sources */,
			);
			runOnlyForDeploymentPostprocessing = 0;
		};
/* End PBXSourcesBuildPhase section */

/* Begin PBXTargetDependency section */
		695B69342A5E442900129A17 /* PBXTargetDependency */ = {
			isa = PBXTargetDependency;
			target = 695B69302A5E442900129A17 /* OrrNyan Watch App */;
			targetProxy = 695B69332A5E442900129A17 /* PBXContainerItemProxy */;
		};
/* End PBXTargetDependency section */

/* Begin XCBuildConfiguration section */
		695B693F2A5E442900129A17 /* Debug */ = {
			isa = XCBuildConfiguration;
			buildSettings = {
				ALWAYS_SEARCH_USER_PATHS = NO;
				CLANG_ANALYZER_NONNULL = YES;
				CLANG_ANALYZER_NUMBER_OBJECT_CONVERSION = YES_AGGRESSIVE;
				CLANG_CXX_LANGUAGE_STANDARD = "gnu++20";
				CLANG_ENABLE_MODULES = YES;
				CLANG_ENABLE_OBJC_ARC = YES;
				CLANG_ENABLE_OBJC_WEAK = YES;
				CLANG_WARN_BLOCK_CAPTURE_AUTORELEASING = YES;
				CLANG_WARN_BOOL_CONVERSION = YES;
				CLANG_WARN_COMMA = YES;
				CLANG_WARN_CONSTANT_CONVERSION = YES;
				CLANG_WARN_DEPRECATED_OBJC_IMPLEMENTATIONS = YES;
				CLANG_WARN_DIRECT_OBJC_ISA_USAGE = YES_ERROR;
				CLANG_WARN_DOCUMENTATION_COMMENTS = YES;
				CLANG_WARN_EMPTY_BODY = YES;
				CLANG_WARN_ENUM_CONVERSION = YES;
				CLANG_WARN_INFINITE_RECURSION = YES;
				CLANG_WARN_INT_CONVERSION = YES;
				CLANG_WARN_NON_LITERAL_NULL_CONVERSION = YES;
				CLANG_WARN_OBJC_IMPLICIT_RETAIN_SELF = YES;
				CLANG_WARN_OBJC_LITERAL_CONVERSION = YES;
				CLANG_WARN_OBJC_ROOT_CLASS = YES_ERROR;
				CLANG_WARN_QUOTED_INCLUDE_IN_FRAMEWORK_HEADER = YES;
				CLANG_WARN_RANGE_LOOP_ANALYSIS = YES;
				CLANG_WARN_STRICT_PROTOTYPES = YES;
				CLANG_WARN_SUSPICIOUS_MOVE = YES;
				CLANG_WARN_UNGUARDED_AVAILABILITY = YES_AGGRESSIVE;
				CLANG_WARN_UNREACHABLE_CODE = YES;
				CLANG_WARN__DUPLICATE_METHOD_MATCH = YES;
				COPY_PHASE_STRIP = NO;
				DEBUG_INFORMATION_FORMAT = dwarf;
				ENABLE_STRICT_OBJC_MSGSEND = YES;
				ENABLE_TESTABILITY = YES;
				GCC_C_LANGUAGE_STANDARD = gnu11;
				GCC_DYNAMIC_NO_PIC = NO;
				GCC_NO_COMMON_BLOCKS = YES;
				GCC_OPTIMIZATION_LEVEL = 0;
				GCC_PREPROCESSOR_DEFINITIONS = (
					"DEBUG=1",
					"$(inherited)",
				);
				GCC_WARN_64_TO_32_BIT_CONVERSION = YES;
				GCC_WARN_ABOUT_RETURN_TYPE = YES_ERROR;
				GCC_WARN_UNDECLARED_SELECTOR = YES;
				GCC_WARN_UNINITIALIZED_AUTOS = YES_AGGRESSIVE;
				GCC_WARN_UNUSED_FUNCTION = YES;
				GCC_WARN_UNUSED_VARIABLE = YES;
				MTL_ENABLE_DEBUG_INFO = INCLUDE_SOURCE;
				MTL_FAST_MATH = YES;
				ONLY_ACTIVE_ARCH = YES;
				SWIFT_ACTIVE_COMPILATION_CONDITIONS = DEBUG;
				SWIFT_OPTIMIZATION_LEVEL = "-Onone";
			};
			name = Debug;
		};
		695B69402A5E442900129A17 /* Release */ = {
			isa = XCBuildConfiguration;
			buildSettings = {
				ALWAYS_SEARCH_USER_PATHS = NO;
				CLANG_ANALYZER_NONNULL = YES;
				CLANG_ANALYZER_NUMBER_OBJECT_CONVERSION = YES_AGGRESSIVE;
				CLANG_CXX_LANGUAGE_STANDARD = "gnu++20";
				CLANG_ENABLE_MODULES = YES;
				CLANG_ENABLE_OBJC_ARC = YES;
				CLANG_ENABLE_OBJC_WEAK = YES;
				CLANG_WARN_BLOCK_CAPTURE_AUTORELEASING = YES;
				CLANG_WARN_BOOL_CONVERSION = YES;
				CLANG_WARN_COMMA = YES;
				CLANG_WARN_CONSTANT_CONVERSION = YES;
				CLANG_WARN_DEPRECATED_OBJC_IMPLEMENTATIONS = YES;
				CLANG_WARN_DIRECT_OBJC_ISA_USAGE = YES_ERROR;
				CLANG_WARN_DOCUMENTATION_COMMENTS = YES;
				CLANG_WARN_EMPTY_BODY = YES;
				CLANG_WARN_ENUM_CONVERSION = YES;
				CLANG_WARN_INFINITE_RECURSION = YES;
				CLANG_WARN_INT_CONVERSION = YES;
				CLANG_WARN_NON_LITERAL_NULL_CONVERSION = YES;
				CLANG_WARN_OBJC_IMPLICIT_RETAIN_SELF = YES;
				CLANG_WARN_OBJC_LITERAL_CONVERSION = YES;
				CLANG_WARN_OBJC_ROOT_CLASS = YES_ERROR;
				CLANG_WARN_QUOTED_INCLUDE_IN_FRAMEWORK_HEADER = YES;
				CLANG_WARN_RANGE_LOOP_ANALYSIS = YES;
				CLANG_WARN_STRICT_PROTOTYPES = YES;
				CLANG_WARN_SUSPICIOUS_MOVE = YES;
				CLANG_WARN_UNGUARDED_AVAILABILITY = YES_AGGRESSIVE;
				CLANG_WARN_UNREACHABLE_CODE = YES;
				CLANG_WARN__DUPLICATE_METHOD_MATCH = YES;
				COPY_PHASE_STRIP = NO;
				DEBUG_INFORMATION_FORMAT = "dwarf-with-dsym";
				ENABLE_NS_ASSERTIONS = NO;
				ENABLE_STRICT_OBJC_MSGSEND = YES;
				GCC_C_LANGUAGE_STANDARD = gnu11;
				GCC_NO_COMMON_BLOCKS = YES;
				GCC_WARN_64_TO_32_BIT_CONVERSION = YES;
				GCC_WARN_ABOUT_RETURN_TYPE = YES_ERROR;
				GCC_WARN_UNDECLARED_SELECTOR = YES;
				GCC_WARN_UNINITIALIZED_AUTOS = YES_AGGRESSIVE;
				GCC_WARN_UNUSED_FUNCTION = YES;
				GCC_WARN_UNUSED_VARIABLE = YES;
				MTL_ENABLE_DEBUG_INFO = NO;
				MTL_FAST_MATH = YES;
				SWIFT_COMPILATION_MODE = wholemodule;
				SWIFT_OPTIMIZATION_LEVEL = "-O";
			};
			name = Release;
		};
		695B69422A5E442900129A17 /* Debug */ = {
			isa = XCBuildConfiguration;
			buildSettings = {
				ASSETCATALOG_COMPILER_APPICON_NAME = AppIcon;
				ASSETCATALOG_COMPILER_GLOBAL_ACCENT_COLOR_NAME = AccentColor;
				CODE_SIGN_STYLE = Automatic;
				CURRENT_PROJECT_VERSION = 1;
				DEVELOPMENT_ASSET_PATHS = "\"OrrNyan Watch App/Preview Content\"";
				DEVELOPMENT_TEAM = RXP67AQN3R;
				ENABLE_PREVIEWS = YES;
				GENERATE_INFOPLIST_FILE = YES;
				INFOPLIST_KEY_CFBundleDisplayName = OrrNyan;
				INFOPLIST_KEY_NSMotionUsageDescription = "계단 오른 충수 반영을 위함입니다.";
				INFOPLIST_KEY_UISupportedInterfaceOrientations = "UIInterfaceOrientationPortrait UIInterfaceOrientationPortraitUpsideDown";
				INFOPLIST_KEY_WKCompanionAppBundleIdentifier = com.jay.OrrNyan;
				LD_RUNPATH_SEARCH_PATHS = (
					"$(inherited)",
					"@executable_path/Frameworks",
				);
				MARKETING_VERSION = 1.0;
				PRODUCT_BUNDLE_IDENTIFIER = com.jay.OrrNyan.watchkitapp;
				PRODUCT_NAME = "$(TARGET_NAME)";
				SDKROOT = watchos;
				SKIP_INSTALL = YES;
				SWIFT_EMIT_LOC_STRINGS = YES;
				SWIFT_VERSION = 5.0;
				TARGETED_DEVICE_FAMILY = 4;
				WATCHOS_DEPLOYMENT_TARGET = 9.4;
			};
			name = Debug;
		};
		695B69432A5E442900129A17 /* Release */ = {
			isa = XCBuildConfiguration;
			buildSettings = {
				ASSETCATALOG_COMPILER_APPICON_NAME = AppIcon;
				ASSETCATALOG_COMPILER_GLOBAL_ACCENT_COLOR_NAME = AccentColor;
				CODE_SIGN_STYLE = Automatic;
				CURRENT_PROJECT_VERSION = 1;
				DEVELOPMENT_ASSET_PATHS = "\"OrrNyan Watch App/Preview Content\"";
				DEVELOPMENT_TEAM = RXP67AQN3R;
				ENABLE_PREVIEWS = YES;
				GENERATE_INFOPLIST_FILE = YES;
				INFOPLIST_KEY_CFBundleDisplayName = OrrNyan;
				INFOPLIST_KEY_NSMotionUsageDescription = "계단 오른 충수 반영을 위함입니다.";
				INFOPLIST_KEY_UISupportedInterfaceOrientations = "UIInterfaceOrientationPortrait UIInterfaceOrientationPortraitUpsideDown";
				INFOPLIST_KEY_WKCompanionAppBundleIdentifier = com.jay.OrrNyan;
				LD_RUNPATH_SEARCH_PATHS = (
					"$(inherited)",
					"@executable_path/Frameworks",
				);
				MARKETING_VERSION = 1.0;
				PRODUCT_BUNDLE_IDENTIFIER = com.jay.OrrNyan.watchkitapp;
				PRODUCT_NAME = "$(TARGET_NAME)";
				SDKROOT = watchos;
				SKIP_INSTALL = YES;
				SWIFT_EMIT_LOC_STRINGS = YES;
				SWIFT_VERSION = 5.0;
				TARGETED_DEVICE_FAMILY = 4;
				VALIDATE_PRODUCT = YES;
				WATCHOS_DEPLOYMENT_TARGET = 9.4;
			};
			name = Release;
		};
		695B69462A5E442900129A17 /* Debug */ = {
			isa = XCBuildConfiguration;
			buildSettings = {
				ALWAYS_EMBED_SWIFT_STANDARD_LIBRARIES = YES;
				ASSETCATALOG_COMPILER_APPICON_NAME = AppIcon;
				ASSETCATALOG_COMPILER_GLOBAL_ACCENT_COLOR_NAME = AccentColor;
				CODE_SIGN_ENTITLEMENTS = OrrNyan/OrrNyan.entitlements;
				CODE_SIGN_STYLE = Automatic;
				CURRENT_PROJECT_VERSION = 1;
				DEVELOPMENT_ASSET_PATHS = "\"OrrNyan/Preview Content\"";
				DEVELOPMENT_TEAM = RXP67AQN3R;
				ENABLE_PREVIEWS = YES;
				GENERATE_INFOPLIST_FILE = YES;
				INFOPLIST_FILE = OrrNyan/Info.plist;
				INFOPLIST_KEY_CFBundleDisplayName = OrrNyan;
				INFOPLIST_KEY_UIApplicationSceneManifest_Generation = YES;
				INFOPLIST_KEY_UIApplicationSupportsIndirectInputEvents = YES;
				INFOPLIST_KEY_UILaunchScreen_Generation = YES;
				INFOPLIST_KEY_UISupportedInterfaceOrientations_iPad = "UIInterfaceOrientationPortrait UIInterfaceOrientationPortraitUpsideDown UIInterfaceOrientationLandscapeLeft UIInterfaceOrientationLandscapeRight";
				INFOPLIST_KEY_UISupportedInterfaceOrientations_iPhone = "UIInterfaceOrientationPortrait UIInterfaceOrientationLandscapeLeft UIInterfaceOrientationLandscapeRight";
				IPHONEOS_DEPLOYMENT_TARGET = 16.2;
				LD_RUNPATH_SEARCH_PATHS = (
					"$(inherited)",
					"@executable_path/Frameworks",
				);
				MARKETING_VERSION = 1.0;
				PRODUCT_BUNDLE_IDENTIFIER = com.jay.OrrNyan;
				PRODUCT_NAME = "$(TARGET_NAME)";
				SDKROOT = iphoneos;
				SWIFT_EMIT_LOC_STRINGS = YES;
				SWIFT_VERSION = 5.0;
				TARGETED_DEVICE_FAMILY = 1;
			};
			name = Debug;
		};
		695B69472A5E442900129A17 /* Release */ = {
			isa = XCBuildConfiguration;
			buildSettings = {
				ALWAYS_EMBED_SWIFT_STANDARD_LIBRARIES = YES;
				ASSETCATALOG_COMPILER_APPICON_NAME = AppIcon;
				ASSETCATALOG_COMPILER_GLOBAL_ACCENT_COLOR_NAME = AccentColor;
				CODE_SIGN_ENTITLEMENTS = OrrNyan/OrrNyan.entitlements;
				CODE_SIGN_STYLE = Automatic;
				CURRENT_PROJECT_VERSION = 1;
				DEVELOPMENT_ASSET_PATHS = "\"OrrNyan/Preview Content\"";
				DEVELOPMENT_TEAM = RXP67AQN3R;
				ENABLE_PREVIEWS = YES;
				GENERATE_INFOPLIST_FILE = YES;
				INFOPLIST_FILE = OrrNyan/Info.plist;
				INFOPLIST_KEY_CFBundleDisplayName = OrrNyan;
				INFOPLIST_KEY_UIApplicationSceneManifest_Generation = YES;
				INFOPLIST_KEY_UIApplicationSupportsIndirectInputEvents = YES;
				INFOPLIST_KEY_UILaunchScreen_Generation = YES;
				INFOPLIST_KEY_UISupportedInterfaceOrientations_iPad = "UIInterfaceOrientationPortrait UIInterfaceOrientationPortraitUpsideDown UIInterfaceOrientationLandscapeLeft UIInterfaceOrientationLandscapeRight";
				INFOPLIST_KEY_UISupportedInterfaceOrientations_iPhone = "UIInterfaceOrientationPortrait UIInterfaceOrientationLandscapeLeft UIInterfaceOrientationLandscapeRight";
				IPHONEOS_DEPLOYMENT_TARGET = 16.2;
				LD_RUNPATH_SEARCH_PATHS = (
					"$(inherited)",
					"@executable_path/Frameworks",
				);
				MARKETING_VERSION = 1.0;
				PRODUCT_BUNDLE_IDENTIFIER = com.jay.OrrNyan;
				PRODUCT_NAME = "$(TARGET_NAME)";
				SDKROOT = iphoneos;
				SWIFT_EMIT_LOC_STRINGS = YES;
				SWIFT_VERSION = 5.0;
				TARGETED_DEVICE_FAMILY = 1;
				VALIDATE_PRODUCT = YES;
			};
			name = Release;
		};
/* End XCBuildConfiguration section */

/* Begin XCConfigurationList section */
		695B691C2A5E442800129A17 /* Build configuration list for PBXProject "OrrNyan" */ = {
			isa = XCConfigurationList;
			buildConfigurations = (
				695B693F2A5E442900129A17 /* Debug */,
				695B69402A5E442900129A17 /* Release */,
			);
			defaultConfigurationIsVisible = 0;
			defaultConfigurationName = Release;
		};
		695B69412A5E442900129A17 /* Build configuration list for PBXNativeTarget "OrrNyan Watch App" */ = {
			isa = XCConfigurationList;
			buildConfigurations = (
				695B69422A5E442900129A17 /* Debug */,
				695B69432A5E442900129A17 /* Release */,
			);
			defaultConfigurationIsVisible = 0;
			defaultConfigurationName = Release;
		};
		695B69452A5E442900129A17 /* Build configuration list for PBXNativeTarget "OrrNyan" */ = {
			isa = XCConfigurationList;
			buildConfigurations = (
				695B69462A5E442900129A17 /* Debug */,
				695B69472A5E442900129A17 /* Release */,
			);
			defaultConfigurationIsVisible = 0;
			defaultConfigurationName = Release;
		};
/* End XCConfigurationList section */

/* Begin XCRemoteSwiftPackageReference section */
		693D31C62A6635C3000EA859 /* XCRemoteSwiftPackageReference "firebase-ios-sdk" */ = {
			isa = XCRemoteSwiftPackageReference;
			repositoryURL = "https://github.com/firebase/firebase-ios-sdk";
			requirement = {
				kind = upToNextMajorVersion;
				minimumVersion = 10.0.0;
			};
		};
		693D31CB2A6635EE000EA859 /* XCRemoteSwiftPackageReference "GoogleSignIn-iOS" */ = {
			isa = XCRemoteSwiftPackageReference;
			repositoryURL = "https://github.com/google/GoogleSignIn-iOS";
			requirement = {
				kind = upToNextMajorVersion;
				minimumVersion = 7.0.0;
			};
		};
		83C38BE92A6626F00027D281 /* XCRemoteSwiftPackageReference "lottie-ios" */ = {
			isa = XCRemoteSwiftPackageReference;
			repositoryURL = "https://github.com/airbnb/lottie-ios";
			requirement = {
				branch = master;
				kind = branch;
			};
		};
/* End XCRemoteSwiftPackageReference section */

/* Begin XCSwiftPackageProductDependency section */
		693D31C72A6635C3000EA859 /* FirebaseAuth */ = {
			isa = XCSwiftPackageProductDependency;
			package = 693D31C62A6635C3000EA859 /* XCRemoteSwiftPackageReference "firebase-ios-sdk" */;
			productName = FirebaseAuth;
		};
		693D31C92A6635C3000EA859 /* FirebaseFirestore */ = {
			isa = XCSwiftPackageProductDependency;
			package = 693D31C62A6635C3000EA859 /* XCRemoteSwiftPackageReference "firebase-ios-sdk" */;
			productName = FirebaseFirestore;
		};
		693D31CC2A6635EE000EA859 /* GoogleSignIn */ = {
			isa = XCSwiftPackageProductDependency;
			package = 693D31CB2A6635EE000EA859 /* XCRemoteSwiftPackageReference "GoogleSignIn-iOS" */;
			productName = GoogleSignIn;
		};
		693D31CE2A6635EE000EA859 /* GoogleSignInSwift */ = {
			isa = XCSwiftPackageProductDependency;
			package = 693D31CB2A6635EE000EA859 /* XCRemoteSwiftPackageReference "GoogleSignIn-iOS" */;
			productName = GoogleSignInSwift;
		};
		695C44432A663B3B003A2D24 /* FirebaseFirestoreSwift */ = {
			isa = XCSwiftPackageProductDependency;
			package = 693D31C62A6635C3000EA859 /* XCRemoteSwiftPackageReference "firebase-ios-sdk" */;
			productName = FirebaseFirestoreSwift;
		};
		83C38BEA2A6626F00027D281 /* Lottie */ = {
			isa = XCSwiftPackageProductDependency;
			package = 83C38BE92A6626F00027D281 /* XCRemoteSwiftPackageReference "lottie-ios" */;
			productName = Lottie;
		};
/* End XCSwiftPackageProductDependency section */
	};
	rootObject = 695B69192A5E442800129A17 /* Project object */;
}
